// !$*UTF8*$!
{
	archiveVersion = 1;
	classes = {
	};
	objectVersion = 46;
	objects = {

/* Begin PBXBuildFile section */
		154F8B411BED9C4200E7A11A /* bed.png in Resources */ = {isa = PBXBuildFile; fileRef = 154F8B3F1BED9C4200E7A11A /* bed.png */; };
		154F8B421BED9C4200E7A11A /* lung.png in Resources */ = {isa = PBXBuildFile; fileRef = 154F8B401BED9C4200E7A11A /* lung.png */; };
		79D93EF51BED34640059DC26 /* CVAuxiliaryView.swift in Sources */ = {isa = PBXBuildFile; fileRef = 79D93EDA1BED34640059DC26 /* CVAuxiliaryView.swift */; };
		79D93EF61BED34640059DC26 /* CVCalendarContentViewController.swift in Sources */ = {isa = PBXBuildFile; fileRef = 79D93EDB1BED34640059DC26 /* CVCalendarContentViewController.swift */; };
		79D93EF71BED34640059DC26 /* CVCalendarDayView.swift in Sources */ = {isa = PBXBuildFile; fileRef = 79D93EDC1BED34640059DC26 /* CVCalendarDayView.swift */; };
		79D93EF81BED34640059DC26 /* CVCalendarDayViewControlCoordinator.swift in Sources */ = {isa = PBXBuildFile; fileRef = 79D93EDD1BED34640059DC26 /* CVCalendarDayViewControlCoordinator.swift */; };
		79D93EF91BED34640059DC26 /* CVCalendarManager.swift in Sources */ = {isa = PBXBuildFile; fileRef = 79D93EDE1BED34640059DC26 /* CVCalendarManager.swift */; };
		79D93EFA1BED34640059DC26 /* CVCalendarMenuView.swift in Sources */ = {isa = PBXBuildFile; fileRef = 79D93EDF1BED34640059DC26 /* CVCalendarMenuView.swift */; };
		79D93EFB1BED34640059DC26 /* CVCalendarMenuViewDelegate.swift in Sources */ = {isa = PBXBuildFile; fileRef = 79D93EE01BED34640059DC26 /* CVCalendarMenuViewDelegate.swift */; };
		79D93EFC1BED34640059DC26 /* CVCalendarMonthContentViewController.swift in Sources */ = {isa = PBXBuildFile; fileRef = 79D93EE11BED34640059DC26 /* CVCalendarMonthContentViewController.swift */; };
		79D93EFD1BED34640059DC26 /* CVCalendarMonthView.swift in Sources */ = {isa = PBXBuildFile; fileRef = 79D93EE21BED34640059DC26 /* CVCalendarMonthView.swift */; };
		79D93EFE1BED34640059DC26 /* CVCalendarTouchController.swift in Sources */ = {isa = PBXBuildFile; fileRef = 79D93EE31BED34640059DC26 /* CVCalendarTouchController.swift */; };
		79D93EFF1BED34640059DC26 /* CVCalendarView.swift in Sources */ = {isa = PBXBuildFile; fileRef = 79D93EE41BED34640059DC26 /* CVCalendarView.swift */; };
		79D93F001BED34640059DC26 /* CVCalendarViewAnimator.swift in Sources */ = {isa = PBXBuildFile; fileRef = 79D93EE51BED34640059DC26 /* CVCalendarViewAnimator.swift */; };
		79D93F011BED34640059DC26 /* CVCalendarViewAnimatorDelegate.swift in Sources */ = {isa = PBXBuildFile; fileRef = 79D93EE61BED34640059DC26 /* CVCalendarViewAnimatorDelegate.swift */; };
		79D93F021BED34640059DC26 /* CVCalendarViewAppearance.swift in Sources */ = {isa = PBXBuildFile; fileRef = 79D93EE71BED34640059DC26 /* CVCalendarViewAppearance.swift */; };
		79D93F031BED34640059DC26 /* CVCalendarViewAppearanceDelegate.swift in Sources */ = {isa = PBXBuildFile; fileRef = 79D93EE81BED34640059DC26 /* CVCalendarViewAppearanceDelegate.swift */; };
		79D93F041BED34640059DC26 /* CVCalendarViewDelegate.swift in Sources */ = {isa = PBXBuildFile; fileRef = 79D93EE91BED34640059DC26 /* CVCalendarViewDelegate.swift */; };
		79D93F051BED34640059DC26 /* CVCalendarViewPresentationMode.swift in Sources */ = {isa = PBXBuildFile; fileRef = 79D93EEA1BED34640059DC26 /* CVCalendarViewPresentationMode.swift */; };
		79D93F061BED34640059DC26 /* CVCalendarWeekContentViewController.swift in Sources */ = {isa = PBXBuildFile; fileRef = 79D93EEB1BED34640059DC26 /* CVCalendarWeekContentViewController.swift */; };
		79D93F071BED34640059DC26 /* CVCalendarWeekday.swift in Sources */ = {isa = PBXBuildFile; fileRef = 79D93EEC1BED34640059DC26 /* CVCalendarWeekday.swift */; };
		79D93F081BED34640059DC26 /* CVCalendarWeekView.swift in Sources */ = {isa = PBXBuildFile; fileRef = 79D93EED1BED34640059DC26 /* CVCalendarWeekView.swift */; };
		79D93F091BED34640059DC26 /* CVDate.swift in Sources */ = {isa = PBXBuildFile; fileRef = 79D93EEE1BED34640059DC26 /* CVDate.swift */; };
		79D93F0A1BED34640059DC26 /* CVRange.swift in Sources */ = {isa = PBXBuildFile; fileRef = 79D93EEF1BED34640059DC26 /* CVRange.swift */; };
		79D93F0B1BED34640059DC26 /* CVScrollDirection.swift in Sources */ = {isa = PBXBuildFile; fileRef = 79D93EF01BED34640059DC26 /* CVScrollDirection.swift */; };
		79D93F0C1BED34640059DC26 /* CVSelectionType.swift in Sources */ = {isa = PBXBuildFile; fileRef = 79D93EF11BED34640059DC26 /* CVSelectionType.swift */; };
		79D93F0D1BED34640059DC26 /* CVSet.swift in Sources */ = {isa = PBXBuildFile; fileRef = 79D93EF21BED34640059DC26 /* CVSet.swift */; };
		79D93F0E1BED34640059DC26 /* CVShape.swift in Sources */ = {isa = PBXBuildFile; fileRef = 79D93EF31BED34640059DC26 /* CVShape.swift */; };
		79D93F0F1BED34640059DC26 /* CVWeekdaySymbolType.swift in Sources */ = {isa = PBXBuildFile; fileRef = 79D93EF41BED34640059DC26 /* CVWeekdaySymbolType.swift */; };
		AF03F9901BC8DE27002ADF4D /* OpenSans-Bold.ttf in Resources */ = {isa = PBXBuildFile; fileRef = AF03F9861BC8DE27002ADF4D /* OpenSans-Bold.ttf */; };
		AF03F9911BC8DE27002ADF4D /* OpenSans-BoldItalic.ttf in Resources */ = {isa = PBXBuildFile; fileRef = AF03F9871BC8DE27002ADF4D /* OpenSans-BoldItalic.ttf */; };
		AF03F9921BC8DE27002ADF4D /* OpenSans-ExtraBold.ttf in Resources */ = {isa = PBXBuildFile; fileRef = AF03F9881BC8DE27002ADF4D /* OpenSans-ExtraBold.ttf */; };
		AF03F9931BC8DE27002ADF4D /* OpenSans-ExtraBoldItalic.ttf in Resources */ = {isa = PBXBuildFile; fileRef = AF03F9891BC8DE27002ADF4D /* OpenSans-ExtraBoldItalic.ttf */; };
		AF03F9941BC8DE27002ADF4D /* OpenSans-Italic.ttf in Resources */ = {isa = PBXBuildFile; fileRef = AF03F98A1BC8DE27002ADF4D /* OpenSans-Italic.ttf */; };
		AF03F9951BC8DE27002ADF4D /* OpenSans-Light.ttf in Resources */ = {isa = PBXBuildFile; fileRef = AF03F98B1BC8DE27002ADF4D /* OpenSans-Light.ttf */; };
		AF03F9961BC8DE27002ADF4D /* OpenSans-LightItalic.ttf in Resources */ = {isa = PBXBuildFile; fileRef = AF03F98C1BC8DE27002ADF4D /* OpenSans-LightItalic.ttf */; };
		AF03F9971BC8DE27002ADF4D /* OpenSans-Regular.ttf in Resources */ = {isa = PBXBuildFile; fileRef = AF03F98D1BC8DE27002ADF4D /* OpenSans-Regular.ttf */; };
		AF03F9981BC8DE27002ADF4D /* OpenSans-Semibold.ttf in Resources */ = {isa = PBXBuildFile; fileRef = AF03F98E1BC8DE27002ADF4D /* OpenSans-Semibold.ttf */; };
		AF03F9991BC8DE27002ADF4D /* OpenSans-SemiboldItalic.ttf in Resources */ = {isa = PBXBuildFile; fileRef = AF03F98F1BC8DE27002ADF4D /* OpenSans-SemiboldItalic.ttf */; };
		AF03F99B1BC8FD94002ADF4D /* EEGBandWaveType.swift in Sources */ = {isa = PBXBuildFile; fileRef = AF03F99A1BC8FD94002ADF4D /* EEGBandWaveType.swift */; };
		AF03F9A41BC9215C002ADF4D /* JBChart.h in Headers */ = {isa = PBXBuildFile; fileRef = AF03F9A31BC9215C002ADF4D /* JBChart.h */; settings = {ATTRIBUTES = (Public, ); }; };
		AF03F9A81BC9215C002ADF4D /* JBChart.framework in Frameworks */ = {isa = PBXBuildFile; fileRef = AF03F9A11BC9215C002ADF4D /* JBChart.framework */; };
		AF03F9AA1BC9215C002ADF4D /* JBChart.framework in Embed Frameworks */ = {isa = PBXBuildFile; fileRef = AF03F9A11BC9215C002ADF4D /* JBChart.framework */; settings = {ATTRIBUTES = (CodeSignOnCopy, RemoveHeadersOnCopy, ); }; };
		AF03F9B51BC9217D002ADF4D /* JBBarChartView.h in Headers */ = {isa = PBXBuildFile; fileRef = AF03F9AF1BC9217D002ADF4D /* JBBarChartView.h */; settings = {ATTRIBUTES = (Public, ); }; };
		AF03F9B61BC9217D002ADF4D /* JBBarChartView.m in Sources */ = {isa = PBXBuildFile; fileRef = AF03F9B01BC9217D002ADF4D /* JBBarChartView.m */; };
		AF03F9B71BC9217D002ADF4D /* JBChartView.h in Headers */ = {isa = PBXBuildFile; fileRef = AF03F9B11BC9217D002ADF4D /* JBChartView.h */; settings = {ATTRIBUTES = (Public, ); }; };
		AF03F9B81BC9217D002ADF4D /* JBChartView.m in Sources */ = {isa = PBXBuildFile; fileRef = AF03F9B21BC9217D002ADF4D /* JBChartView.m */; };
		AF03F9B91BC9217D002ADF4D /* JBLineChartView.h in Headers */ = {isa = PBXBuildFile; fileRef = AF03F9B31BC9217D002ADF4D /* JBLineChartView.h */; settings = {ATTRIBUTES = (Public, ); }; };
		AF03F9BA1BC9217D002ADF4D /* JBLineChartView.m in Sources */ = {isa = PBXBuildFile; fileRef = AF03F9B41BC9217D002ADF4D /* JBLineChartView.m */; };
		AF03F9CD1BC9EAEF002ADF4D /* Charts.framework in Frameworks */ = {isa = PBXBuildFile; fileRef = AF03F9CA1BC9EA04002ADF4D /* Charts.framework */; };
		AF03F9CE1BC9EAEF002ADF4D /* Charts.framework in Embed Frameworks */ = {isa = PBXBuildFile; fileRef = AF03F9CA1BC9EA04002ADF4D /* Charts.framework */; settings = {ATTRIBUTES = (CodeSignOnCopy, RemoveHeadersOnCopy, ); }; };
		AF0A76F91BF4496600F3E2E2 /* Alamofire.framework in Frameworks */ = {isa = PBXBuildFile; fileRef = AF0A76EB1BF4490B00F3E2E2 /* Alamofire.framework */; };
		AF0A76FA1BF4496600F3E2E2 /* Alamofire.framework in Frameworks */ = {isa = PBXBuildFile; fileRef = AF0A76EF1BF4490B00F3E2E2 /* Alamofire.framework */; };
		AF0AA5161BBFB23000C97C87 /* DataAccess.swift in Sources */ = {isa = PBXBuildFile; fileRef = AF0AA5151BBFB23000C97C87 /* DataAccess.swift */; };
		AF0AA5181BBFB25E00C97C87 /* UserProfile.swift in Sources */ = {isa = PBXBuildFile; fileRef = AF0AA5171BBFB25E00C97C87 /* UserProfile.swift */; };
		AF15523B1BEC3A9300399DB8 /* _Calendar---icon-@2x.png in Resources */ = {isa = PBXBuildFile; fileRef = AF1552251BEC3A9300399DB8 /* _Calendar---icon-@2x.png */; };
		AF15523D1BEC3A9300399DB8 /* 1-image.png in Resources */ = {isa = PBXBuildFile; fileRef = AF1552271BEC3A9300399DB8 /* 1-image.png */; };
		AF15523E1BEC3A9300399DB8 /* awake-image@2x.png in Resources */ = {isa = PBXBuildFile; fileRef = AF1552281BEC3A9300399DB8 /* awake-image@2x.png */; };
		AF15523F1BEC3A9300399DB8 /* Background---image.png in Resources */ = {isa = PBXBuildFile; fileRef = AF1552291BEC3A9300399DB8 /* Background---image.png */; };
		AF1552401BEC3A9300399DB8 /* background--image@2x.png in Resources */ = {isa = PBXBuildFile; fileRef = AF15522A1BEC3A9300399DB8 /* background--image@2x.png */; };
		AF1552411BEC3A9300399DB8 /* BackgroundButton.png in Resources */ = {isa = PBXBuildFile; fileRef = AF15522B1BEC3A9300399DB8 /* BackgroundButton.png */; };
		AF1552421BEC3A9300399DB8 /* backgroundNew.png in Resources */ = {isa = PBXBuildFile; fileRef = AF15522C1BEC3A9300399DB8 /* backgroundNew.png */; };
		AF1552431BEC3A9300399DB8 /* cloud--icon.png in Resources */ = {isa = PBXBuildFile; fileRef = AF15522D1BEC3A9300399DB8 /* cloud--icon.png */; };
		AF1552441BEC3A9300399DB8 /* coffee---icon@2x.png in Resources */ = {isa = PBXBuildFile; fileRef = AF15522E1BEC3A9300399DB8 /* coffee---icon@2x.png */; };
		AF1552451BEC3A9300399DB8 /* Completed-image@2x.png in Resources */ = {isa = PBXBuildFile; fileRef = AF15522F1BEC3A9300399DB8 /* Completed-image@2x.png */; };
		AF1552461BEC3A9300399DB8 /* Current-Progress.png in Resources */ = {isa = PBXBuildFile; fileRef = AF1552301BEC3A9300399DB8 /* Current-Progress.png */; };
		AF1552471BEC3A9300399DB8 /* Divider-copy@2x.png in Resources */ = {isa = PBXBuildFile; fileRef = AF1552311BEC3A9300399DB8 /* Divider-copy@2x.png */; };
		AF1552481BEC3A9300399DB8 /* drink--icon.png in Resources */ = {isa = PBXBuildFile; fileRef = AF1552321BEC3A9300399DB8 /* drink--icon.png */; };
		AF1552491BEC3A9300399DB8 /* gym--icon@2x.png in Resources */ = {isa = PBXBuildFile; fileRef = AF1552331BEC3A9300399DB8 /* gym--icon@2x.png */; };
		AF15524A1BEC3A9300399DB8 /* happy---icon@2x.png in Resources */ = {isa = PBXBuildFile; fileRef = AF1552341BEC3A9300399DB8 /* happy---icon@2x.png */; };
		AF15524B1BEC3A9300399DB8 /* home--icon@2x.png in Resources */ = {isa = PBXBuildFile; fileRef = AF1552351BEC3A9300399DB8 /* home--icon@2x.png */; };
		AF15524C1BEC3A9300399DB8 /* light-image@2x.png in Resources */ = {isa = PBXBuildFile; fileRef = AF1552361BEC3A9300399DB8 /* light-image@2x.png */; };
		AF15524D1BEC3A9300399DB8 /* Logo--image@2x.png in Resources */ = {isa = PBXBuildFile; fileRef = AF1552371BEC3A9300399DB8 /* Logo--image@2x.png */; };
		AF15524E1BEC3A9300399DB8 /* newnewnew.png in Resources */ = {isa = PBXBuildFile; fileRef = AF1552381BEC3A9300399DB8 /* newnewnew.png */; };
		AF15524F1BEC3A9300399DB8 /* play--icon@2x.png in Resources */ = {isa = PBXBuildFile; fileRef = AF1552391BEC3A9300399DB8 /* play--icon@2x.png */; };
		AF1552501BEC3A9300399DB8 /* profile---icon@2x.png in Resources */ = {isa = PBXBuildFile; fileRef = AF15523A1BEC3A9300399DB8 /* profile---icon@2x.png */; };
		AF18349D1BBFA9E100EBDFCD /* AppDelegate.swift in Sources */ = {isa = PBXBuildFile; fileRef = AF18349C1BBFA9E100EBDFCD /* AppDelegate.swift */; };
		AF1834A41BBFA9E100EBDFCD /* Main.storyboard in Resources */ = {isa = PBXBuildFile; fileRef = AF1834A21BBFA9E100EBDFCD /* Main.storyboard */; };
		AF1834A61BBFA9E100EBDFCD /* Assets.xcassets in Resources */ = {isa = PBXBuildFile; fileRef = AF1834A51BBFA9E100EBDFCD /* Assets.xcassets */; };
		AF1834A91BBFA9E100EBDFCD /* LaunchScreen.storyboard in Resources */ = {isa = PBXBuildFile; fileRef = AF1834A71BBFA9E100EBDFCD /* LaunchScreen.storyboard */; };
		AF1834B41BBFA9E100EBDFCD /* SleepBustersTests.swift in Sources */ = {isa = PBXBuildFile; fileRef = AF1834B31BBFA9E100EBDFCD /* SleepBustersTests.swift */; };
		AF1834BF1BBFA9E100EBDFCD /* SleepBustersUITests.swift in Sources */ = {isa = PBXBuildFile; fileRef = AF1834BE1BBFA9E100EBDFCD /* SleepBustersUITests.swift */; };
		AF29EBEE1BC3AA4A00F32D07 /* UserSleepSession.swift in Sources */ = {isa = PBXBuildFile; fileRef = AF29EBED1BC3AA4A00F32D07 /* UserSleepSession.swift */; };
		AF2B98F41BF27FF10092B9A7 /* MindwaveEEG.m in Sources */ = {isa = PBXBuildFile; fileRef = AF2B98F31BF27FF10092B9A7 /* MindwaveEEG.m */; };
		AF2B98FE1BF2865E0092B9A7 /* libTGAccessory.a in Frameworks */ = {isa = PBXBuildFile; fileRef = AF2B98FD1BF2865E0092B9A7 /* libTGAccessory.a */; };
		AF2B99051BF289890092B9A7 /* ThinkGearTouch-Info.plist in Resources */ = {isa = PBXBuildFile; fileRef = AF2B99041BF289890092B9A7 /* ThinkGearTouch-Info.plist */; };
		AF2B99071BF2898F0092B9A7 /* Entitlements.plist in Resources */ = {isa = PBXBuildFile; fileRef = AF2B99061BF2898F0092B9A7 /* Entitlements.plist */; };
		AF2F9DDD1BCB69AF0075DBCC /* MindwaveEEGSensor.swift in Sources */ = {isa = PBXBuildFile; fileRef = AF2F9DDC1BCB69AF0075DBCC /* MindwaveEEGSensor.swift */; };
		AF2F9DE01BCB6D390075DBCC /* SleepBustersRespiratorySensor.swift in Sources */ = {isa = PBXBuildFile; fileRef = AF2F9DDF1BCB6D390075DBCC /* SleepBustersRespiratorySensor.swift */; };
		AF2F9DE21BCE29F70075DBCC /* TrackingLiveViewController.swift in Sources */ = {isa = PBXBuildFile; fileRef = AF2F9DE11BCE29F70075DBCC /* TrackingLiveViewController.swift */; };
		AF30B0831BC6FF250094B4A8 /* StatusResult.swift in Sources */ = {isa = PBXBuildFile; fileRef = AF30B0821BC6FF250094B4A8 /* StatusResult.swift */; };
		AF325F641BC1C6EA00FA4523 /* HttpAction.swift in Sources */ = {isa = PBXBuildFile; fileRef = AF325F631BC1C6EA00FA4523 /* HttpAction.swift */; };
		AF325F661BC1C99300FA4523 /* Extensions.swift in Sources */ = {isa = PBXBuildFile; fileRef = AF325F651BC1C99300FA4523 /* Extensions.swift */; };
		AF325F711BC1E79000FA4523 /* EEGConnector.swift in Sources */ = {isa = PBXBuildFile; fileRef = AF325F701BC1E79000FA4523 /* EEGConnector.swift */; };
		AF325F791BC206E200FA4523 /* Serializable.swift in Sources */ = {isa = PBXBuildFile; fileRef = AF325F781BC206E200FA4523 /* Serializable.swift */; };
		AF63106D1BE9042E008A54BF /* UserInterfaceHelpers.swift in Sources */ = {isa = PBXBuildFile; fileRef = AF63106C1BE9042E008A54BF /* UserInterfaceHelpers.swift */; };
		AF63106F1BE9113E008A54BF /* StartTrackingViewController.swift in Sources */ = {isa = PBXBuildFile; fileRef = AF63106E1BE9113E008A54BF /* StartTrackingViewController.swift */; };
		AF6310711BE91861008A54BF /* CalendarViewController.swift in Sources */ = {isa = PBXBuildFile; fileRef = AF6310701BE91861008A54BF /* CalendarViewController.swift */; };
		AF8157691BC06C4900F5476A /* StatsViewController.swift in Sources */ = {isa = PBXBuildFile; fileRef = AF8157681BC06C4900F5476A /* StatsViewController.swift */; };
		AF81576D1BC06CAF00F5476A /* MyProfileViewController.swift in Sources */ = {isa = PBXBuildFile; fileRef = AF81576C1BC06CAF00F5476A /* MyProfileViewController.swift */; };
		AF81576F1BC0D35200F5476A /* LoginViewController.swift in Sources */ = {isa = PBXBuildFile; fileRef = AF81576E1BC0D35200F5476A /* LoginViewController.swift */; };
		AF8157771BC13C7500F5476A /* UserSensorStat.swift in Sources */ = {isa = PBXBuildFile; fileRef = AF8157761BC13C7500F5476A /* UserSensorStat.swift */; };
		AF81577A1BC13ECB00F5476A /* Business.swift in Sources */ = {isa = PBXBuildFile; fileRef = AF8157791BC13ECB00F5476A /* Business.swift */; };
		AF89BB441BC4B3D4005E1619 /* AppStartViewController.swift in Sources */ = {isa = PBXBuildFile; fileRef = AF89BB431BC4B3D4005E1619 /* AppStartViewController.swift */; };
		AF89BB461BC4D9FD005E1619 /* TabBarController.swift in Sources */ = {isa = PBXBuildFile; fileRef = AF89BB451BC4D9FD005E1619 /* TabBarController.swift */; };
		AF95FADA1BC7B41200FACD52 /* ModelMapper.swift in Sources */ = {isa = PBXBuildFile; fileRef = AF95FAD91BC7B41200FACD52 /* ModelMapper.swift */; };
		AFA659D41BED86A4005D295D /* hot51.png in Resources */ = {isa = PBXBuildFile; fileRef = AFA659D31BED86A4005D295D /* hot51.png */; };
		AFA659D61BED86D2005D295D /* hot51-on.png in Resources */ = {isa = PBXBuildFile; fileRef = AFA659D51BED86D2005D295D /* hot51-on.png */; };
		AFA659D91BED87C1005D295D /* coffee-off.png in Resources */ = {isa = PBXBuildFile; fileRef = AFA659D71BED87C1005D295D /* coffee-off.png */; };
		AFA659DA1BED87C1005D295D /* coffee-on.png in Resources */ = {isa = PBXBuildFile; fileRef = AFA659D81BED87C1005D295D /* coffee-on.png */; };
		AFA659E61BED8983005D295D /* angry.png in Resources */ = {isa = PBXBuildFile; fileRef = AFA659DB1BED8983005D295D /* angry.png */; };
		AFA659E71BED8983005D295D /* beer-off.png in Resources */ = {isa = PBXBuildFile; fileRef = AFA659DC1BED8983005D295D /* beer-off.png */; };
		AFA659E81BED8983005D295D /* beer-on.png in Resources */ = {isa = PBXBuildFile; fileRef = AFA659DD1BED8983005D295D /* beer-on.png */; };
		AFA659E91BED8983005D295D /* bored.png in Resources */ = {isa = PBXBuildFile; fileRef = AFA659DE1BED8983005D295D /* bored.png */; };
		AFA659EA1BED8983005D295D /* gym-off.png in Resources */ = {isa = PBXBuildFile; fileRef = AFA659DF1BED8983005D295D /* gym-off.png */; };
		AFA659EB1BED8983005D295D /* gym-on.png in Resources */ = {isa = PBXBuildFile; fileRef = AFA659E01BED8983005D295D /* gym-on.png */; };
		AFA659EC1BED8983005D295D /* happy.png in Resources */ = {isa = PBXBuildFile; fileRef = AFA659E11BED8983005D295D /* happy.png */; };
		AFA659ED1BED8983005D295D /* home.png in Resources */ = {isa = PBXBuildFile; fileRef = AFA659E21BED8983005D295D /* home.png */; };
		AFA659EE1BED8983005D295D /* nothome.png in Resources */ = {isa = PBXBuildFile; fileRef = AFA659E31BED8983005D295D /* nothome.png */; };
		AFA659EF1BED8983005D295D /* sad.png in Resources */ = {isa = PBXBuildFile; fileRef = AFA659E41BED8983005D295D /* sad.png */; };
		AFA659F01BED8983005D295D /* tired.png in Resources */ = {isa = PBXBuildFile; fileRef = AFA659E51BED8983005D295D /* tired.png */; };
		AFCDE2C01BDFDB7D00394415 /* JSONHelper.swift in Sources */ = {isa = PBXBuildFile; fileRef = AFCDE2BE1BDFDB7D00394415 /* JSONHelper.swift */; };
		AFCDE2C11BDFDB7D00394415 /* Supporting Files in Resources */ = {isa = PBXBuildFile; fileRef = AFCDE2BF1BDFDB7D00394415 /* Supporting Files */; };
		AFD2D2E81BEEAC0C00490B48 /* Business.swift in Sources */ = {isa = PBXBuildFile; fileRef = AF8157791BC13ECB00F5476A /* Business.swift */; };
		AFD2D2E91BEEAF8C00490B48 /* UserSleepSession.swift in Sources */ = {isa = PBXBuildFile; fileRef = AF29EBED1BC3AA4A00F32D07 /* UserSleepSession.swift */; };
		AFD2D2EA1BEEAFA000490B48 /* UserProfile.swift in Sources */ = {isa = PBXBuildFile; fileRef = AF0AA5171BBFB25E00C97C87 /* UserProfile.swift */; };
/* End PBXBuildFile section */

/* Begin PBXContainerItemProxy section */
		AF03F9A61BC9215C002ADF4D /* PBXContainerItemProxy */ = {
			isa = PBXContainerItemProxy;
			containerPortal = AF1834911BBFA9E100EBDFCD /* Project object */;
			proxyType = 1;
			remoteGlobalIDString = AF03F9A01BC9215C002ADF4D;
			remoteInfo = JBChart;
		};
		AF03F9C91BC9EA04002ADF4D /* PBXContainerItemProxy */ = {
			isa = PBXContainerItemProxy;
			containerPortal = AF03F9C41BC9EA04002ADF4D /* Charts.xcodeproj */;
			proxyType = 2;
			remoteGlobalIDString = 5BA8EC401A9D14DC00CE82E1;
			remoteInfo = Charts;
		};
		AF03F9CB1BC9EA04002ADF4D /* PBXContainerItemProxy */ = {
			isa = PBXContainerItemProxy;
			containerPortal = AF03F9C41BC9EA04002ADF4D /* Charts.xcodeproj */;
			proxyType = 2;
			remoteGlobalIDString = A52C5C371BAC5CA400594CDD;
			remoteInfo = ChartsTV;
		};
		AF03F9CF1BC9EAEF002ADF4D /* PBXContainerItemProxy */ = {
			isa = PBXContainerItemProxy;
			containerPortal = AF03F9C41BC9EA04002ADF4D /* Charts.xcodeproj */;
			proxyType = 1;
			remoteGlobalIDString = 5BA8EC3F1A9D14DC00CE82E1;
			remoteInfo = Charts;
		};
		AF0A76EA1BF4490B00F3E2E2 /* PBXContainerItemProxy */ = {
			isa = PBXContainerItemProxy;
			containerPortal = AF0A76E01BF4490B00F3E2E2 /* Alamofire.xcodeproj */;
			proxyType = 2;
			remoteGlobalIDString = F8111E3319A95C8B0040E7D1;
			remoteInfo = "Alamofire iOS";
		};
		AF0A76EC1BF4490B00F3E2E2 /* PBXContainerItemProxy */ = {
			isa = PBXContainerItemProxy;
			containerPortal = AF0A76E01BF4490B00F3E2E2 /* Alamofire.xcodeproj */;
			proxyType = 2;
			remoteGlobalIDString = F8111E3E19A95C8B0040E7D1;
			remoteInfo = "Alamofire iOS Tests";
		};
		AF0A76EE1BF4490B00F3E2E2 /* PBXContainerItemProxy */ = {
			isa = PBXContainerItemProxy;
			containerPortal = AF0A76E01BF4490B00F3E2E2 /* Alamofire.xcodeproj */;
			proxyType = 2;
			remoteGlobalIDString = 4DD67C0B1A5C55C900ED2280;
			remoteInfo = "Alamofire OSX";
		};
		AF0A76F01BF4490B00F3E2E2 /* PBXContainerItemProxy */ = {
			isa = PBXContainerItemProxy;
			containerPortal = AF0A76E01BF4490B00F3E2E2 /* Alamofire.xcodeproj */;
			proxyType = 2;
			remoteGlobalIDString = F829C6B21A7A94F100A2CD59;
			remoteInfo = "Alamofire OSX Tests";
		};
		AF0A76F21BF4490B00F3E2E2 /* PBXContainerItemProxy */ = {
			isa = PBXContainerItemProxy;
			containerPortal = AF0A76E01BF4490B00F3E2E2 /* Alamofire.xcodeproj */;
			proxyType = 2;
			remoteGlobalIDString = 4CF626EF1BA7CB3E0011A099;
			remoteInfo = "Alamofire tvOS";
		};
		AF0A76F41BF4490B00F3E2E2 /* PBXContainerItemProxy */ = {
			isa = PBXContainerItemProxy;
			containerPortal = AF0A76E01BF4490B00F3E2E2 /* Alamofire.xcodeproj */;
			proxyType = 2;
			remoteGlobalIDString = 4CF626F81BA7CB3E0011A099;
			remoteInfo = "Alamofire tvOS Tests";
		};
		AF0A76F61BF4490B00F3E2E2 /* PBXContainerItemProxy */ = {
			isa = PBXContainerItemProxy;
			containerPortal = AF0A76E01BF4490B00F3E2E2 /* Alamofire.xcodeproj */;
			proxyType = 2;
			remoteGlobalIDString = E4202FE01B667AA100C997FB;
			remoteInfo = "Alamofire watchOS";
		};
		AF1834B01BBFA9E100EBDFCD /* PBXContainerItemProxy */ = {
			isa = PBXContainerItemProxy;
			containerPortal = AF1834911BBFA9E100EBDFCD /* Project object */;
			proxyType = 1;
			remoteGlobalIDString = AF1834981BBFA9E100EBDFCD;
			remoteInfo = SleepBusters;
		};
		AF1834BB1BBFA9E100EBDFCD /* PBXContainerItemProxy */ = {
			isa = PBXContainerItemProxy;
			containerPortal = AF1834911BBFA9E100EBDFCD /* Project object */;
			proxyType = 1;
			remoteGlobalIDString = AF1834981BBFA9E100EBDFCD;
			remoteInfo = SleepBusters;
		};
/* End PBXContainerItemProxy section */

/* Begin PBXCopyFilesBuildPhase section */
		AF03F9A91BC9215C002ADF4D /* Embed Frameworks */ = {
			isa = PBXCopyFilesBuildPhase;
			buildActionMask = 2147483647;
			dstPath = "";
			dstSubfolderSpec = 10;
			files = (
				AF03F9AA1BC9215C002ADF4D /* JBChart.framework in Embed Frameworks */,
				AF03F9CE1BC9EAEF002ADF4D /* Charts.framework in Embed Frameworks */,
			);
			name = "Embed Frameworks";
			runOnlyForDeploymentPostprocessing = 0;
		};
/* End PBXCopyFilesBuildPhase section */

/* Begin PBXFileReference section */
		154F8B3F1BED9C4200E7A11A /* bed.png */ = {isa = PBXFileReference; lastKnownFileType = image.png; name = bed.png; path = Images/bed.png; sourceTree = "<group>"; };
		154F8B401BED9C4200E7A11A /* lung.png */ = {isa = PBXFileReference; lastKnownFileType = image.png; name = lung.png; path = Images/lung.png; sourceTree = "<group>"; };
		79D93EDA1BED34640059DC26 /* CVAuxiliaryView.swift */ = {isa = PBXFileReference; fileEncoding = 4; lastKnownFileType = sourcecode.swift; name = CVAuxiliaryView.swift; path = CVCalendar/CVAuxiliaryView.swift; sourceTree = "<group>"; };
		79D93EDB1BED34640059DC26 /* CVCalendarContentViewController.swift */ = {isa = PBXFileReference; fileEncoding = 4; lastKnownFileType = sourcecode.swift; name = CVCalendarContentViewController.swift; path = CVCalendar/CVCalendarContentViewController.swift; sourceTree = "<group>"; };
		79D93EDC1BED34640059DC26 /* CVCalendarDayView.swift */ = {isa = PBXFileReference; fileEncoding = 4; lastKnownFileType = sourcecode.swift; name = CVCalendarDayView.swift; path = CVCalendar/CVCalendarDayView.swift; sourceTree = "<group>"; };
		79D93EDD1BED34640059DC26 /* CVCalendarDayViewControlCoordinator.swift */ = {isa = PBXFileReference; fileEncoding = 4; lastKnownFileType = sourcecode.swift; name = CVCalendarDayViewControlCoordinator.swift; path = CVCalendar/CVCalendarDayViewControlCoordinator.swift; sourceTree = "<group>"; };
		79D93EDE1BED34640059DC26 /* CVCalendarManager.swift */ = {isa = PBXFileReference; fileEncoding = 4; lastKnownFileType = sourcecode.swift; name = CVCalendarManager.swift; path = CVCalendar/CVCalendarManager.swift; sourceTree = "<group>"; };
		79D93EDF1BED34640059DC26 /* CVCalendarMenuView.swift */ = {isa = PBXFileReference; fileEncoding = 4; lastKnownFileType = sourcecode.swift; name = CVCalendarMenuView.swift; path = CVCalendar/CVCalendarMenuView.swift; sourceTree = "<group>"; };
		79D93EE01BED34640059DC26 /* CVCalendarMenuViewDelegate.swift */ = {isa = PBXFileReference; fileEncoding = 4; lastKnownFileType = sourcecode.swift; name = CVCalendarMenuViewDelegate.swift; path = CVCalendar/CVCalendarMenuViewDelegate.swift; sourceTree = "<group>"; };
		79D93EE11BED34640059DC26 /* CVCalendarMonthContentViewController.swift */ = {isa = PBXFileReference; fileEncoding = 4; lastKnownFileType = sourcecode.swift; name = CVCalendarMonthContentViewController.swift; path = CVCalendar/CVCalendarMonthContentViewController.swift; sourceTree = "<group>"; };
		79D93EE21BED34640059DC26 /* CVCalendarMonthView.swift */ = {isa = PBXFileReference; fileEncoding = 4; lastKnownFileType = sourcecode.swift; name = CVCalendarMonthView.swift; path = CVCalendar/CVCalendarMonthView.swift; sourceTree = "<group>"; };
		79D93EE31BED34640059DC26 /* CVCalendarTouchController.swift */ = {isa = PBXFileReference; fileEncoding = 4; lastKnownFileType = sourcecode.swift; name = CVCalendarTouchController.swift; path = CVCalendar/CVCalendarTouchController.swift; sourceTree = "<group>"; };
		79D93EE41BED34640059DC26 /* CVCalendarView.swift */ = {isa = PBXFileReference; fileEncoding = 4; lastKnownFileType = sourcecode.swift; name = CVCalendarView.swift; path = CVCalendar/CVCalendarView.swift; sourceTree = "<group>"; };
		79D93EE51BED34640059DC26 /* CVCalendarViewAnimator.swift */ = {isa = PBXFileReference; fileEncoding = 4; lastKnownFileType = sourcecode.swift; name = CVCalendarViewAnimator.swift; path = CVCalendar/CVCalendarViewAnimator.swift; sourceTree = "<group>"; };
		79D93EE61BED34640059DC26 /* CVCalendarViewAnimatorDelegate.swift */ = {isa = PBXFileReference; fileEncoding = 4; lastKnownFileType = sourcecode.swift; name = CVCalendarViewAnimatorDelegate.swift; path = CVCalendar/CVCalendarViewAnimatorDelegate.swift; sourceTree = "<group>"; };
		79D93EE71BED34640059DC26 /* CVCalendarViewAppearance.swift */ = {isa = PBXFileReference; fileEncoding = 4; lastKnownFileType = sourcecode.swift; name = CVCalendarViewAppearance.swift; path = CVCalendar/CVCalendarViewAppearance.swift; sourceTree = "<group>"; };
		79D93EE81BED34640059DC26 /* CVCalendarViewAppearanceDelegate.swift */ = {isa = PBXFileReference; fileEncoding = 4; lastKnownFileType = sourcecode.swift; name = CVCalendarViewAppearanceDelegate.swift; path = CVCalendar/CVCalendarViewAppearanceDelegate.swift; sourceTree = "<group>"; };
		79D93EE91BED34640059DC26 /* CVCalendarViewDelegate.swift */ = {isa = PBXFileReference; fileEncoding = 4; lastKnownFileType = sourcecode.swift; name = CVCalendarViewDelegate.swift; path = CVCalendar/CVCalendarViewDelegate.swift; sourceTree = "<group>"; };
		79D93EEA1BED34640059DC26 /* CVCalendarViewPresentationMode.swift */ = {isa = PBXFileReference; fileEncoding = 4; lastKnownFileType = sourcecode.swift; name = CVCalendarViewPresentationMode.swift; path = CVCalendar/CVCalendarViewPresentationMode.swift; sourceTree = "<group>"; };
		79D93EEB1BED34640059DC26 /* CVCalendarWeekContentViewController.swift */ = {isa = PBXFileReference; fileEncoding = 4; lastKnownFileType = sourcecode.swift; name = CVCalendarWeekContentViewController.swift; path = CVCalendar/CVCalendarWeekContentViewController.swift; sourceTree = "<group>"; };
		79D93EEC1BED34640059DC26 /* CVCalendarWeekday.swift */ = {isa = PBXFileReference; fileEncoding = 4; lastKnownFileType = sourcecode.swift; name = CVCalendarWeekday.swift; path = CVCalendar/CVCalendarWeekday.swift; sourceTree = "<group>"; };
		79D93EED1BED34640059DC26 /* CVCalendarWeekView.swift */ = {isa = PBXFileReference; fileEncoding = 4; lastKnownFileType = sourcecode.swift; name = CVCalendarWeekView.swift; path = CVCalendar/CVCalendarWeekView.swift; sourceTree = "<group>"; };
		79D93EEE1BED34640059DC26 /* CVDate.swift */ = {isa = PBXFileReference; fileEncoding = 4; lastKnownFileType = sourcecode.swift; name = CVDate.swift; path = CVCalendar/CVDate.swift; sourceTree = "<group>"; };
		79D93EEF1BED34640059DC26 /* CVRange.swift */ = {isa = PBXFileReference; fileEncoding = 4; lastKnownFileType = sourcecode.swift; name = CVRange.swift; path = CVCalendar/CVRange.swift; sourceTree = "<group>"; };
		79D93EF01BED34640059DC26 /* CVScrollDirection.swift */ = {isa = PBXFileReference; fileEncoding = 4; lastKnownFileType = sourcecode.swift; name = CVScrollDirection.swift; path = CVCalendar/CVScrollDirection.swift; sourceTree = "<group>"; };
		79D93EF11BED34640059DC26 /* CVSelectionType.swift */ = {isa = PBXFileReference; fileEncoding = 4; lastKnownFileType = sourcecode.swift; name = CVSelectionType.swift; path = CVCalendar/CVSelectionType.swift; sourceTree = "<group>"; };
		79D93EF21BED34640059DC26 /* CVSet.swift */ = {isa = PBXFileReference; fileEncoding = 4; lastKnownFileType = sourcecode.swift; name = CVSet.swift; path = CVCalendar/CVSet.swift; sourceTree = "<group>"; };
		79D93EF31BED34640059DC26 /* CVShape.swift */ = {isa = PBXFileReference; fileEncoding = 4; lastKnownFileType = sourcecode.swift; name = CVShape.swift; path = CVCalendar/CVShape.swift; sourceTree = "<group>"; };
		79D93EF41BED34640059DC26 /* CVWeekdaySymbolType.swift */ = {isa = PBXFileReference; fileEncoding = 4; lastKnownFileType = sourcecode.swift; name = CVWeekdaySymbolType.swift; path = CVCalendar/CVWeekdaySymbolType.swift; sourceTree = "<group>"; };
		AF03F9861BC8DE27002ADF4D /* OpenSans-Bold.ttf */ = {isa = PBXFileReference; lastKnownFileType = file; path = "OpenSans-Bold.ttf"; sourceTree = "<group>"; };
		AF03F9871BC8DE27002ADF4D /* OpenSans-BoldItalic.ttf */ = {isa = PBXFileReference; lastKnownFileType = file; path = "OpenSans-BoldItalic.ttf"; sourceTree = "<group>"; };
		AF03F9881BC8DE27002ADF4D /* OpenSans-ExtraBold.ttf */ = {isa = PBXFileReference; lastKnownFileType = file; path = "OpenSans-ExtraBold.ttf"; sourceTree = "<group>"; };
		AF03F9891BC8DE27002ADF4D /* OpenSans-ExtraBoldItalic.ttf */ = {isa = PBXFileReference; lastKnownFileType = file; path = "OpenSans-ExtraBoldItalic.ttf"; sourceTree = "<group>"; };
		AF03F98A1BC8DE27002ADF4D /* OpenSans-Italic.ttf */ = {isa = PBXFileReference; lastKnownFileType = file; path = "OpenSans-Italic.ttf"; sourceTree = "<group>"; };
		AF03F98B1BC8DE27002ADF4D /* OpenSans-Light.ttf */ = {isa = PBXFileReference; lastKnownFileType = file; path = "OpenSans-Light.ttf"; sourceTree = "<group>"; };
		AF03F98C1BC8DE27002ADF4D /* OpenSans-LightItalic.ttf */ = {isa = PBXFileReference; lastKnownFileType = file; path = "OpenSans-LightItalic.ttf"; sourceTree = "<group>"; };
		AF03F98D1BC8DE27002ADF4D /* OpenSans-Regular.ttf */ = {isa = PBXFileReference; lastKnownFileType = file; path = "OpenSans-Regular.ttf"; sourceTree = "<group>"; };
		AF03F98E1BC8DE27002ADF4D /* OpenSans-Semibold.ttf */ = {isa = PBXFileReference; lastKnownFileType = file; path = "OpenSans-Semibold.ttf"; sourceTree = "<group>"; };
		AF03F98F1BC8DE27002ADF4D /* OpenSans-SemiboldItalic.ttf */ = {isa = PBXFileReference; lastKnownFileType = file; path = "OpenSans-SemiboldItalic.ttf"; sourceTree = "<group>"; };
		AF03F99A1BC8FD94002ADF4D /* EEGBandWaveType.swift */ = {isa = PBXFileReference; fileEncoding = 4; lastKnownFileType = sourcecode.swift; name = EEGBandWaveType.swift; path = Model/EEGBandWaveType.swift; sourceTree = "<group>"; };
		AF03F9A11BC9215C002ADF4D /* JBChart.framework */ = {isa = PBXFileReference; explicitFileType = wrapper.framework; includeInIndex = 0; path = JBChart.framework; sourceTree = BUILT_PRODUCTS_DIR; };
		AF03F9A31BC9215C002ADF4D /* JBChart.h */ = {isa = PBXFileReference; lastKnownFileType = sourcecode.c.h; path = JBChart.h; sourceTree = "<group>"; };
		AF03F9A51BC9215C002ADF4D /* Info.plist */ = {isa = PBXFileReference; lastKnownFileType = text.plist.xml; path = Info.plist; sourceTree = "<group>"; };
		AF03F9AF1BC9217D002ADF4D /* JBBarChartView.h */ = {isa = PBXFileReference; fileEncoding = 4; lastKnownFileType = sourcecode.c.h; path = JBBarChartView.h; sourceTree = "<group>"; };
		AF03F9B01BC9217D002ADF4D /* JBBarChartView.m */ = {isa = PBXFileReference; fileEncoding = 4; lastKnownFileType = sourcecode.c.objc; path = JBBarChartView.m; sourceTree = "<group>"; };
		AF03F9B11BC9217D002ADF4D /* JBChartView.h */ = {isa = PBXFileReference; fileEncoding = 4; lastKnownFileType = sourcecode.c.h; path = JBChartView.h; sourceTree = "<group>"; };
		AF03F9B21BC9217D002ADF4D /* JBChartView.m */ = {isa = PBXFileReference; fileEncoding = 4; lastKnownFileType = sourcecode.c.objc; path = JBChartView.m; sourceTree = "<group>"; };
		AF03F9B31BC9217D002ADF4D /* JBLineChartView.h */ = {isa = PBXFileReference; fileEncoding = 4; lastKnownFileType = sourcecode.c.h; path = JBLineChartView.h; sourceTree = "<group>"; };
		AF03F9B41BC9217D002ADF4D /* JBLineChartView.m */ = {isa = PBXFileReference; fileEncoding = 4; lastKnownFileType = sourcecode.c.objc; path = JBLineChartView.m; sourceTree = "<group>"; };
		AF03F9C41BC9EA04002ADF4D /* Charts.xcodeproj */ = {isa = PBXFileReference; lastKnownFileType = "wrapper.pb-project"; name = Charts.xcodeproj; path = Charts/Charts.xcodeproj; sourceTree = "<group>"; };
		AF0A76E01BF4490B00F3E2E2 /* Alamofire.xcodeproj */ = {isa = PBXFileReference; lastKnownFileType = "wrapper.pb-project"; name = Alamofire.xcodeproj; path = Alamofire/Alamofire.xcodeproj; sourceTree = "<group>"; };
		AF0AA5151BBFB23000C97C87 /* DataAccess.swift */ = {isa = PBXFileReference; fileEncoding = 4; lastKnownFileType = sourcecode.swift; name = DataAccess.swift; path = Data/DataAccess.swift; sourceTree = "<group>"; };
		AF0AA5171BBFB25E00C97C87 /* UserProfile.swift */ = {isa = PBXFileReference; fileEncoding = 4; lastKnownFileType = sourcecode.swift; name = UserProfile.swift; path = Model/UserProfile.swift; sourceTree = "<group>"; };
		AF1552251BEC3A9300399DB8 /* _Calendar---icon-@2x.png */ = {isa = PBXFileReference; lastKnownFileType = image.png; name = "_Calendar---icon-@2x.png"; path = "Images/_Calendar---icon-@2x.png"; sourceTree = "<group>"; };
		AF1552271BEC3A9300399DB8 /* 1-image.png */ = {isa = PBXFileReference; lastKnownFileType = image.png; name = "1-image.png"; path = "Images/1-image.png"; sourceTree = "<group>"; };
		AF1552281BEC3A9300399DB8 /* awake-image@2x.png */ = {isa = PBXFileReference; lastKnownFileType = image.png; name = "awake-image@2x.png"; path = "Images/awake-image@2x.png"; sourceTree = "<group>"; };
		AF1552291BEC3A9300399DB8 /* Background---image.png */ = {isa = PBXFileReference; lastKnownFileType = image.png; name = "Background---image.png"; path = "Images/Background---image.png"; sourceTree = "<group>"; };
		AF15522A1BEC3A9300399DB8 /* background--image@2x.png */ = {isa = PBXFileReference; lastKnownFileType = image.png; name = "background--image@2x.png"; path = "Images/background--image@2x.png"; sourceTree = "<group>"; };
		AF15522B1BEC3A9300399DB8 /* BackgroundButton.png */ = {isa = PBXFileReference; lastKnownFileType = image.png; name = BackgroundButton.png; path = Images/BackgroundButton.png; sourceTree = "<group>"; };
		AF15522C1BEC3A9300399DB8 /* backgroundNew.png */ = {isa = PBXFileReference; lastKnownFileType = image.png; name = backgroundNew.png; path = Images/backgroundNew.png; sourceTree = "<group>"; };
		AF15522D1BEC3A9300399DB8 /* cloud--icon.png */ = {isa = PBXFileReference; lastKnownFileType = image.png; name = "cloud--icon.png"; path = "Images/cloud--icon.png"; sourceTree = "<group>"; };
		AF15522E1BEC3A9300399DB8 /* coffee---icon@2x.png */ = {isa = PBXFileReference; lastKnownFileType = image.png; name = "coffee---icon@2x.png"; path = "Images/coffee---icon@2x.png"; sourceTree = "<group>"; };
		AF15522F1BEC3A9300399DB8 /* Completed-image@2x.png */ = {isa = PBXFileReference; lastKnownFileType = image.png; name = "Completed-image@2x.png"; path = "Images/Completed-image@2x.png"; sourceTree = "<group>"; };
		AF1552301BEC3A9300399DB8 /* Current-Progress.png */ = {isa = PBXFileReference; lastKnownFileType = image.png; name = "Current-Progress.png"; path = "Images/Current-Progress.png"; sourceTree = "<group>"; };
		AF1552311BEC3A9300399DB8 /* Divider-copy@2x.png */ = {isa = PBXFileReference; lastKnownFileType = image.png; name = "Divider-copy@2x.png"; path = "Images/Divider-copy@2x.png"; sourceTree = "<group>"; };
		AF1552321BEC3A9300399DB8 /* drink--icon.png */ = {isa = PBXFileReference; lastKnownFileType = image.png; name = "drink--icon.png"; path = "Images/drink--icon.png"; sourceTree = "<group>"; };
		AF1552331BEC3A9300399DB8 /* gym--icon@2x.png */ = {isa = PBXFileReference; lastKnownFileType = image.png; name = "gym--icon@2x.png"; path = "Images/gym--icon@2x.png"; sourceTree = "<group>"; };
		AF1552341BEC3A9300399DB8 /* happy---icon@2x.png */ = {isa = PBXFileReference; lastKnownFileType = image.png; name = "happy---icon@2x.png"; path = "Images/happy---icon@2x.png"; sourceTree = "<group>"; };
		AF1552351BEC3A9300399DB8 /* home--icon@2x.png */ = {isa = PBXFileReference; lastKnownFileType = image.png; name = "home--icon@2x.png"; path = "Images/home--icon@2x.png"; sourceTree = "<group>"; };
		AF1552361BEC3A9300399DB8 /* light-image@2x.png */ = {isa = PBXFileReference; lastKnownFileType = image.png; name = "light-image@2x.png"; path = "Images/light-image@2x.png"; sourceTree = "<group>"; };
		AF1552371BEC3A9300399DB8 /* Logo--image@2x.png */ = {isa = PBXFileReference; lastKnownFileType = image.png; name = "Logo--image@2x.png"; path = "Images/Logo--image@2x.png"; sourceTree = "<group>"; };
		AF1552381BEC3A9300399DB8 /* newnewnew.png */ = {isa = PBXFileReference; lastKnownFileType = image.png; name = newnewnew.png; path = Images/newnewnew.png; sourceTree = "<group>"; };
		AF1552391BEC3A9300399DB8 /* play--icon@2x.png */ = {isa = PBXFileReference; lastKnownFileType = image.png; name = "play--icon@2x.png"; path = "Images/play--icon@2x.png"; sourceTree = "<group>"; };
		AF15523A1BEC3A9300399DB8 /* profile---icon@2x.png */ = {isa = PBXFileReference; lastKnownFileType = image.png; name = "profile---icon@2x.png"; path = "Images/profile---icon@2x.png"; sourceTree = "<group>"; };
		AF1834991BBFA9E100EBDFCD /* SleepBusters.app */ = {isa = PBXFileReference; explicitFileType = wrapper.application; includeInIndex = 0; path = SleepBusters.app; sourceTree = BUILT_PRODUCTS_DIR; };
		AF18349C1BBFA9E100EBDFCD /* AppDelegate.swift */ = {isa = PBXFileReference; lastKnownFileType = sourcecode.swift; path = AppDelegate.swift; sourceTree = "<group>"; };
		AF1834A31BBFA9E100EBDFCD /* Base */ = {isa = PBXFileReference; lastKnownFileType = file.storyboard; name = Base; path = Base.lproj/Main.storyboard; sourceTree = "<group>"; };
		AF1834A51BBFA9E100EBDFCD /* Assets.xcassets */ = {isa = PBXFileReference; lastKnownFileType = folder.assetcatalog; path = Assets.xcassets; sourceTree = "<group>"; };
		AF1834A81BBFA9E100EBDFCD /* Base */ = {isa = PBXFileReference; lastKnownFileType = file.storyboard; name = Base; path = Base.lproj/LaunchScreen.storyboard; sourceTree = "<group>"; };
		AF1834AA1BBFA9E100EBDFCD /* Info.plist */ = {isa = PBXFileReference; lastKnownFileType = text.plist.xml; path = Info.plist; sourceTree = "<group>"; };
		AF1834AF1BBFA9E100EBDFCD /* SleepBustersTests.xctest */ = {isa = PBXFileReference; explicitFileType = wrapper.cfbundle; includeInIndex = 0; path = SleepBustersTests.xctest; sourceTree = BUILT_PRODUCTS_DIR; };
		AF1834B31BBFA9E100EBDFCD /* SleepBustersTests.swift */ = {isa = PBXFileReference; lastKnownFileType = sourcecode.swift; path = SleepBustersTests.swift; sourceTree = "<group>"; };
		AF1834B51BBFA9E100EBDFCD /* Info.plist */ = {isa = PBXFileReference; lastKnownFileType = text.plist.xml; path = Info.plist; sourceTree = "<group>"; };
		AF1834BA1BBFA9E100EBDFCD /* SleepBustersUITests.xctest */ = {isa = PBXFileReference; explicitFileType = wrapper.cfbundle; includeInIndex = 0; path = SleepBustersUITests.xctest; sourceTree = BUILT_PRODUCTS_DIR; };
		AF1834BE1BBFA9E100EBDFCD /* SleepBustersUITests.swift */ = {isa = PBXFileReference; lastKnownFileType = sourcecode.swift; path = SleepBustersUITests.swift; sourceTree = "<group>"; };
		AF1834C01BBFA9E100EBDFCD /* Info.plist */ = {isa = PBXFileReference; lastKnownFileType = text.plist.xml; path = Info.plist; sourceTree = "<group>"; };
		AF29EBED1BC3AA4A00F32D07 /* UserSleepSession.swift */ = {isa = PBXFileReference; fileEncoding = 4; lastKnownFileType = sourcecode.swift; name = UserSleepSession.swift; path = Model/UserSleepSession.swift; sourceTree = "<group>"; };
		AF2B98F11BF27FF10092B9A7 /* SleepBusters-Bridging-Header.h */ = {isa = PBXFileReference; lastKnownFileType = sourcecode.c.h; path = "SleepBusters-Bridging-Header.h"; sourceTree = "<group>"; };
		AF2B98F21BF27FF10092B9A7 /* MindwaveEEG.h */ = {isa = PBXFileReference; fileEncoding = 4; lastKnownFileType = sourcecode.c.h; name = MindwaveEEG.h; path = MindwaveEEG/MindwaveEEG.h; sourceTree = "<group>"; };
		AF2B98F31BF27FF10092B9A7 /* MindwaveEEG.m */ = {isa = PBXFileReference; fileEncoding = 4; lastKnownFileType = sourcecode.c.objc; name = MindwaveEEG.m; path = MindwaveEEG/MindwaveEEG.m; sourceTree = "<group>"; };
		AF2B98FA1BF282E90092B9A7 /* TGAccessoryDelegate.h */ = {isa = PBXFileReference; fileEncoding = 4; lastKnownFileType = sourcecode.c.h; path = TGAccessoryDelegate.h; sourceTree = "<group>"; };
		AF2B98FB1BF282E90092B9A7 /* TGAccessoryManager.h */ = {isa = PBXFileReference; fileEncoding = 4; lastKnownFileType = sourcecode.c.h; path = TGAccessoryManager.h; sourceTree = "<group>"; };
		AF2B98FD1BF2865E0092B9A7 /* libTGAccessory.a */ = {isa = PBXFileReference; lastKnownFileType = archive.ar; path = libTGAccessory.a; sourceTree = "<group>"; };
		AF2B99001BF2895D0092B9A7 /* ThinkGearTouch_Prefix.pch */ = {isa = PBXFileReference; fileEncoding = 4; lastKnownFileType = sourcecode.c.h; path = ThinkGearTouch_Prefix.pch; sourceTree = "<group>"; };
		AF2B99041BF289890092B9A7 /* ThinkGearTouch-Info.plist */ = {isa = PBXFileReference; fileEncoding = 4; lastKnownFileType = text.plist.xml; path = "ThinkGearTouch-Info.plist"; sourceTree = "<group>"; };
		AF2B99061BF2898F0092B9A7 /* Entitlements.plist */ = {isa = PBXFileReference; fileEncoding = 4; lastKnownFileType = text.plist.xml; path = Entitlements.plist; sourceTree = "<group>"; };
		AF2F9DDC1BCB69AF0075DBCC /* MindwaveEEGSensor.swift */ = {isa = PBXFileReference; fileEncoding = 4; lastKnownFileType = sourcecode.swift; name = MindwaveEEGSensor.swift; path = Hardware/MindwaveEEGSensor.swift; sourceTree = "<group>"; };
		AF2F9DDF1BCB6D390075DBCC /* SleepBustersRespiratorySensor.swift */ = {isa = PBXFileReference; fileEncoding = 4; lastKnownFileType = sourcecode.swift; name = SleepBustersRespiratorySensor.swift; path = Hardware/SleepBustersRespiratorySensor.swift; sourceTree = "<group>"; };
		AF2F9DE11BCE29F70075DBCC /* TrackingLiveViewController.swift */ = {isa = PBXFileReference; fileEncoding = 4; lastKnownFileType = sourcecode.swift; name = TrackingLiveViewController.swift; path = ViewControllers/TrackingLiveViewController.swift; sourceTree = "<group>"; };
		AF30B0821BC6FF250094B4A8 /* StatusResult.swift */ = {isa = PBXFileReference; fileEncoding = 4; lastKnownFileType = sourcecode.swift; name = StatusResult.swift; path = Model/StatusResult.swift; sourceTree = "<group>"; };
		AF325F631BC1C6EA00FA4523 /* HttpAction.swift */ = {isa = PBXFileReference; fileEncoding = 4; lastKnownFileType = sourcecode.swift; name = HttpAction.swift; path = Utility/HttpAction.swift; sourceTree = "<group>"; };
		AF325F651BC1C99300FA4523 /* Extensions.swift */ = {isa = PBXFileReference; fileEncoding = 4; lastKnownFileType = sourcecode.swift; path = Extensions.swift; sourceTree = "<group>"; };
		AF325F701BC1E79000FA4523 /* EEGConnector.swift */ = {isa = PBXFileReference; fileEncoding = 4; lastKnownFileType = sourcecode.swift; name = EEGConnector.swift; path = Data/EEGConnector.swift; sourceTree = "<group>"; };
		AF325F781BC206E200FA4523 /* Serializable.swift */ = {isa = PBXFileReference; fileEncoding = 4; lastKnownFileType = sourcecode.swift; name = Serializable.swift; path = Utility/Serializable.swift; sourceTree = "<group>"; };
		AF63106C1BE9042E008A54BF /* UserInterfaceHelpers.swift */ = {isa = PBXFileReference; fileEncoding = 4; lastKnownFileType = sourcecode.swift; name = UserInterfaceHelpers.swift; path = Utility/UserInterfaceHelpers.swift; sourceTree = "<group>"; };
		AF63106E1BE9113E008A54BF /* StartTrackingViewController.swift */ = {isa = PBXFileReference; fileEncoding = 4; lastKnownFileType = sourcecode.swift; name = StartTrackingViewController.swift; path = ViewControllers/StartTrackingViewController.swift; sourceTree = "<group>"; };
		AF6310701BE91861008A54BF /* CalendarViewController.swift */ = {isa = PBXFileReference; fileEncoding = 4; lastKnownFileType = sourcecode.swift; name = CalendarViewController.swift; path = ViewControllers/CalendarViewController.swift; sourceTree = "<group>"; };
		AF8157681BC06C4900F5476A /* StatsViewController.swift */ = {isa = PBXFileReference; fileEncoding = 4; lastKnownFileType = sourcecode.swift; name = StatsViewController.swift; path = ViewControllers/StatsViewController.swift; sourceTree = "<group>"; };
		AF81576C1BC06CAF00F5476A /* MyProfileViewController.swift */ = {isa = PBXFileReference; fileEncoding = 4; lastKnownFileType = sourcecode.swift; name = MyProfileViewController.swift; path = ViewControllers/MyProfileViewController.swift; sourceTree = "<group>"; };
		AF81576E1BC0D35200F5476A /* LoginViewController.swift */ = {isa = PBXFileReference; fileEncoding = 4; lastKnownFileType = sourcecode.swift; name = LoginViewController.swift; path = ViewControllers/LoginViewController.swift; sourceTree = "<group>"; };
		AF8157761BC13C7500F5476A /* UserSensorStat.swift */ = {isa = PBXFileReference; fileEncoding = 4; lastKnownFileType = sourcecode.swift; name = UserSensorStat.swift; path = Model/UserSensorStat.swift; sourceTree = "<group>"; };
		AF8157791BC13ECB00F5476A /* Business.swift */ = {isa = PBXFileReference; fileEncoding = 4; lastKnownFileType = sourcecode.swift; name = Business.swift; path = Business/Business.swift; sourceTree = "<group>"; };
		AF89BB431BC4B3D4005E1619 /* AppStartViewController.swift */ = {isa = PBXFileReference; fileEncoding = 4; lastKnownFileType = sourcecode.swift; name = AppStartViewController.swift; path = ViewControllers/AppStartViewController.swift; sourceTree = "<group>"; };
		AF89BB451BC4D9FD005E1619 /* TabBarController.swift */ = {isa = PBXFileReference; fileEncoding = 4; lastKnownFileType = sourcecode.swift; name = TabBarController.swift; path = ViewControllers/TabBarController.swift; sourceTree = "<group>"; };
		AF95FAD91BC7B41200FACD52 /* ModelMapper.swift */ = {isa = PBXFileReference; fileEncoding = 4; lastKnownFileType = sourcecode.swift; name = ModelMapper.swift; path = Data/ModelMapper.swift; sourceTree = "<group>"; };
		AFA659D31BED86A4005D295D /* hot51.png */ = {isa = PBXFileReference; lastKnownFileType = image.png; name = hot51.png; path = Images/Icons/hot51.png; sourceTree = "<group>"; };
		AFA659D51BED86D2005D295D /* hot51-on.png */ = {isa = PBXFileReference; lastKnownFileType = image.png; name = "hot51-on.png"; path = "Images/Icons/hot51-on.png"; sourceTree = "<group>"; };
		AFA659D71BED87C1005D295D /* coffee-off.png */ = {isa = PBXFileReference; lastKnownFileType = image.png; name = "coffee-off.png"; path = "Images/Icons/coffee-off.png"; sourceTree = "<group>"; };
		AFA659D81BED87C1005D295D /* coffee-on.png */ = {isa = PBXFileReference; lastKnownFileType = image.png; name = "coffee-on.png"; path = "Images/Icons/coffee-on.png"; sourceTree = "<group>"; };
		AFA659DB1BED8983005D295D /* angry.png */ = {isa = PBXFileReference; lastKnownFileType = image.png; name = angry.png; path = Images/Icons/angry.png; sourceTree = "<group>"; };
		AFA659DC1BED8983005D295D /* beer-off.png */ = {isa = PBXFileReference; lastKnownFileType = image.png; name = "beer-off.png"; path = "Images/Icons/beer-off.png"; sourceTree = "<group>"; };
		AFA659DD1BED8983005D295D /* beer-on.png */ = {isa = PBXFileReference; lastKnownFileType = image.png; name = "beer-on.png"; path = "Images/Icons/beer-on.png"; sourceTree = "<group>"; };
		AFA659DE1BED8983005D295D /* bored.png */ = {isa = PBXFileReference; lastKnownFileType = image.png; name = bored.png; path = Images/Icons/bored.png; sourceTree = "<group>"; };
		AFA659DF1BED8983005D295D /* gym-off.png */ = {isa = PBXFileReference; lastKnownFileType = image.png; name = "gym-off.png"; path = "Images/Icons/gym-off.png"; sourceTree = "<group>"; };
		AFA659E01BED8983005D295D /* gym-on.png */ = {isa = PBXFileReference; lastKnownFileType = image.png; name = "gym-on.png"; path = "Images/Icons/gym-on.png"; sourceTree = "<group>"; };
		AFA659E11BED8983005D295D /* happy.png */ = {isa = PBXFileReference; lastKnownFileType = image.png; name = happy.png; path = Images/Icons/happy.png; sourceTree = "<group>"; };
		AFA659E21BED8983005D295D /* home.png */ = {isa = PBXFileReference; lastKnownFileType = image.png; name = home.png; path = Images/Icons/home.png; sourceTree = "<group>"; };
		AFA659E31BED8983005D295D /* nothome.png */ = {isa = PBXFileReference; lastKnownFileType = image.png; name = nothome.png; path = Images/Icons/nothome.png; sourceTree = "<group>"; };
		AFA659E41BED8983005D295D /* sad.png */ = {isa = PBXFileReference; lastKnownFileType = image.png; name = sad.png; path = Images/Icons/sad.png; sourceTree = "<group>"; };
		AFA659E51BED8983005D295D /* tired.png */ = {isa = PBXFileReference; lastKnownFileType = image.png; name = tired.png; path = Images/Icons/tired.png; sourceTree = "<group>"; };
		AFCDE2BD1BDFDB7D00394415 /* JSONHelper.h */ = {isa = PBXFileReference; fileEncoding = 4; lastKnownFileType = sourcecode.c.h; name = JSONHelper.h; path = JSONHelper/JSONHelper.h; sourceTree = "<group>"; };
		AFCDE2BE1BDFDB7D00394415 /* JSONHelper.swift */ = {isa = PBXFileReference; fileEncoding = 4; lastKnownFileType = sourcecode.swift; name = JSONHelper.swift; path = JSONHelper/JSONHelper.swift; sourceTree = "<group>"; };
		AFCDE2BF1BDFDB7D00394415 /* Supporting Files */ = {isa = PBXFileReference; lastKnownFileType = folder; name = "Supporting Files"; path = "JSONHelper/Supporting Files"; sourceTree = "<group>"; };
/* End PBXFileReference section */

/* Begin PBXFrameworksBuildPhase section */
		AF03F99D1BC9215C002ADF4D /* Frameworks */ = {
			isa = PBXFrameworksBuildPhase;
			buildActionMask = 2147483647;
			files = (
			);
			runOnlyForDeploymentPostprocessing = 0;
		};
		AF1834961BBFA9E100EBDFCD /* Frameworks */ = {
			isa = PBXFrameworksBuildPhase;
			buildActionMask = 2147483647;
			files = (
				AF0A76F91BF4496600F3E2E2 /* Alamofire.framework in Frameworks */,
				AF0A76FA1BF4496600F3E2E2 /* Alamofire.framework in Frameworks */,
				AF2B98FE1BF2865E0092B9A7 /* libTGAccessory.a in Frameworks */,
				AF03F9A81BC9215C002ADF4D /* JBChart.framework in Frameworks */,
				AF03F9CD1BC9EAEF002ADF4D /* Charts.framework in Frameworks */,
			);
			runOnlyForDeploymentPostprocessing = 0;
		};
		AF1834AC1BBFA9E100EBDFCD /* Frameworks */ = {
			isa = PBXFrameworksBuildPhase;
			buildActionMask = 2147483647;
			files = (
			);
			runOnlyForDeploymentPostprocessing = 0;
		};
		AF1834B71BBFA9E100EBDFCD /* Frameworks */ = {
			isa = PBXFrameworksBuildPhase;
			buildActionMask = 2147483647;
			files = (
			);
			runOnlyForDeploymentPostprocessing = 0;
		};
/* End PBXFrameworksBuildPhase section */

/* Begin PBXGroup section */
		79D93ED81BED343C0059DC26 /* CVCalendar */ = {
			isa = PBXGroup;
			children = (
				79D93EDA1BED34640059DC26 /* CVAuxiliaryView.swift */,
				79D93EDB1BED34640059DC26 /* CVCalendarContentViewController.swift */,
				79D93EDC1BED34640059DC26 /* CVCalendarDayView.swift */,
				79D93EDD1BED34640059DC26 /* CVCalendarDayViewControlCoordinator.swift */,
				79D93EDE1BED34640059DC26 /* CVCalendarManager.swift */,
				79D93EDF1BED34640059DC26 /* CVCalendarMenuView.swift */,
				79D93EE01BED34640059DC26 /* CVCalendarMenuViewDelegate.swift */,
				79D93EE11BED34640059DC26 /* CVCalendarMonthContentViewController.swift */,
				79D93EE21BED34640059DC26 /* CVCalendarMonthView.swift */,
				79D93EE31BED34640059DC26 /* CVCalendarTouchController.swift */,
				79D93EE41BED34640059DC26 /* CVCalendarView.swift */,
				79D93EE51BED34640059DC26 /* CVCalendarViewAnimator.swift */,
				79D93EE61BED34640059DC26 /* CVCalendarViewAnimatorDelegate.swift */,
				79D93EE71BED34640059DC26 /* CVCalendarViewAppearance.swift */,
				79D93EE81BED34640059DC26 /* CVCalendarViewAppearanceDelegate.swift */,
				79D93EE91BED34640059DC26 /* CVCalendarViewDelegate.swift */,
				79D93EEA1BED34640059DC26 /* CVCalendarViewPresentationMode.swift */,
				79D93EEB1BED34640059DC26 /* CVCalendarWeekContentViewController.swift */,
				79D93EEC1BED34640059DC26 /* CVCalendarWeekday.swift */,
				79D93EED1BED34640059DC26 /* CVCalendarWeekView.swift */,
				79D93EEE1BED34640059DC26 /* CVDate.swift */,
				79D93EEF1BED34640059DC26 /* CVRange.swift */,
				79D93EF01BED34640059DC26 /* CVScrollDirection.swift */,
				79D93EF11BED34640059DC26 /* CVSelectionType.swift */,
				79D93EF21BED34640059DC26 /* CVSet.swift */,
				79D93EF31BED34640059DC26 /* CVShape.swift */,
				79D93EF41BED34640059DC26 /* CVWeekdaySymbolType.swift */,
			);
			name = CVCalendar;
			sourceTree = "<group>";
		};
		AF03F9851BC8DDBA002ADF4D /* Fonts */ = {
			isa = PBXGroup;
			children = (
				AF03F9861BC8DE27002ADF4D /* OpenSans-Bold.ttf */,
				AF03F9871BC8DE27002ADF4D /* OpenSans-BoldItalic.ttf */,
				AF03F9881BC8DE27002ADF4D /* OpenSans-ExtraBold.ttf */,
				AF03F9891BC8DE27002ADF4D /* OpenSans-ExtraBoldItalic.ttf */,
				AF03F98A1BC8DE27002ADF4D /* OpenSans-Italic.ttf */,
				AF03F98B1BC8DE27002ADF4D /* OpenSans-Light.ttf */,
				AF03F98C1BC8DE27002ADF4D /* OpenSans-LightItalic.ttf */,
				AF03F98D1BC8DE27002ADF4D /* OpenSans-Regular.ttf */,
				AF03F98E1BC8DE27002ADF4D /* OpenSans-Semibold.ttf */,
				AF03F98F1BC8DE27002ADF4D /* OpenSans-SemiboldItalic.ttf */,
			);
			name = Fonts;
			sourceTree = "<group>";
		};
		AF03F9A21BC9215C002ADF4D /* JBChart */ = {
			isa = PBXGroup;
			children = (
				AF03F9AE1BC92163002ADF4D /* Classes */,
				AF03F9A31BC9215C002ADF4D /* JBChart.h */,
				AF03F9A51BC9215C002ADF4D /* Info.plist */,
			);
			path = JBChart;
			sourceTree = "<group>";
		};
		AF03F9AE1BC92163002ADF4D /* Classes */ = {
			isa = PBXGroup;
			children = (
				AF03F9AF1BC9217D002ADF4D /* JBBarChartView.h */,
				AF03F9B01BC9217D002ADF4D /* JBBarChartView.m */,
				AF03F9B11BC9217D002ADF4D /* JBChartView.h */,
				AF03F9B21BC9217D002ADF4D /* JBChartView.m */,
				AF03F9B31BC9217D002ADF4D /* JBLineChartView.h */,
				AF03F9B41BC9217D002ADF4D /* JBLineChartView.m */,
			);
			name = Classes;
			sourceTree = "<group>";
		};
		AF03F9C51BC9EA04002ADF4D /* Products */ = {
			isa = PBXGroup;
			children = (
				AF03F9CA1BC9EA04002ADF4D /* Charts.framework */,
				AF03F9CC1BC9EA04002ADF4D /* ChartsTV.framework */,
			);
			name = Products;
			sourceTree = "<group>";
		};
		AF0A76E11BF4490B00F3E2E2 /* Products */ = {
			isa = PBXGroup;
			children = (
				AF0A76EB1BF4490B00F3E2E2 /* Alamofire.framework */,
				AF0A76ED1BF4490B00F3E2E2 /* Alamofire iOS Tests.xctest */,
				AF0A76EF1BF4490B00F3E2E2 /* Alamofire.framework */,
				AF0A76F11BF4490B00F3E2E2 /* Alamofire OSX Tests.xctest */,
				AF0A76F31BF4490B00F3E2E2 /* Alamofire.framework */,
				AF0A76F51BF4490B00F3E2E2 /* Alamofire tvOS Tests.xctest */,
				AF0A76F71BF4490B00F3E2E2 /* Alamofire.framework */,
			);
			name = Products;
			sourceTree = "<group>";
		};
		AF0AA50E1BBFB12800C97C87 /* Data */ = {
			isa = PBXGroup;
			children = (
				AF2F9DDE1BCB6B420075DBCC /* Builder */,
				AF0AA5151BBFB23000C97C87 /* DataAccess.swift */,
				AF325F701BC1E79000FA4523 /* EEGConnector.swift */,
			);
			name = Data;
			sourceTree = "<group>";
		};
		AF0AA50F1BBFB13100C97C87 /* Model */ = {
			isa = PBXGroup;
			children = (
				AF2F9DDB1BCB69860075DBCC /* Hardware */,
				AF0AA5171BBFB25E00C97C87 /* UserProfile.swift */,
				AF8157761BC13C7500F5476A /* UserSensorStat.swift */,
				AF29EBED1BC3AA4A00F32D07 /* UserSleepSession.swift */,
				AF30B0821BC6FF250094B4A8 /* StatusResult.swift */,
				AF03F99A1BC8FD94002ADF4D /* EEGBandWaveType.swift */,
			);
			name = Model;
			sourceTree = "<group>";
		};
		AF0AA5101BBFB13F00C97C87 /* Icons */ = {
			isa = PBXGroup;
			children = (
			);
			name = Icons;
			sourceTree = "<group>";
		};
		AF0AA5111BBFB14800C97C87 /* Images */ = {
			isa = PBXGroup;
			children = (
				AFA659D21BED869B005D295D /* Icons */,
				AF1552251BEC3A9300399DB8 /* _Calendar---icon-@2x.png */,
				AF1552271BEC3A9300399DB8 /* 1-image.png */,
				154F8B3F1BED9C4200E7A11A /* bed.png */,
				154F8B401BED9C4200E7A11A /* lung.png */,
				AF1552281BEC3A9300399DB8 /* awake-image@2x.png */,
				AF1552291BEC3A9300399DB8 /* Background---image.png */,
				AF15522A1BEC3A9300399DB8 /* background--image@2x.png */,
				AF15522B1BEC3A9300399DB8 /* BackgroundButton.png */,
				AF15522C1BEC3A9300399DB8 /* backgroundNew.png */,
				AF15522D1BEC3A9300399DB8 /* cloud--icon.png */,
				AF15522E1BEC3A9300399DB8 /* coffee---icon@2x.png */,
				AF15522F1BEC3A9300399DB8 /* Completed-image@2x.png */,
				AF1552301BEC3A9300399DB8 /* Current-Progress.png */,
				AF1552311BEC3A9300399DB8 /* Divider-copy@2x.png */,
				AF1552321BEC3A9300399DB8 /* drink--icon.png */,
				AF1552331BEC3A9300399DB8 /* gym--icon@2x.png */,
				AF1552341BEC3A9300399DB8 /* happy---icon@2x.png */,
				AF1552351BEC3A9300399DB8 /* home--icon@2x.png */,
				AF1552361BEC3A9300399DB8 /* light-image@2x.png */,
				AF1552371BEC3A9300399DB8 /* Logo--image@2x.png */,
				AF1552381BEC3A9300399DB8 /* newnewnew.png */,
				AF1552391BEC3A9300399DB8 /* play--icon@2x.png */,
				AF15523A1BEC3A9300399DB8 /* profile---icon@2x.png */,
			);
			name = Images;
			sourceTree = "<group>";
		};
		AF0AA5121BBFB15E00C97C87 /* ViewControllers */ = {
			isa = PBXGroup;
			children = (
				AF81576C1BC06CAF00F5476A /* MyProfileViewController.swift */,
				AF8157681BC06C4900F5476A /* StatsViewController.swift */,
				AF63106E1BE9113E008A54BF /* StartTrackingViewController.swift */,
				AF81576E1BC0D35200F5476A /* LoginViewController.swift */,
				AF89BB431BC4B3D4005E1619 /* AppStartViewController.swift */,
				AF89BB451BC4D9FD005E1619 /* TabBarController.swift */,
				AF2F9DE11BCE29F70075DBCC /* TrackingLiveViewController.swift */,
				AF6310701BE91861008A54BF /* CalendarViewController.swift */,
			);
			name = ViewControllers;
			sourceTree = "<group>";
		};
		AF0AA5131BBFB16800C97C87 /* Utility */ = {
			isa = PBXGroup;
			children = (
				AF325F631BC1C6EA00FA4523 /* HttpAction.swift */,
				AF325F651BC1C99300FA4523 /* Extensions.swift */,
				AF325F781BC206E200FA4523 /* Serializable.swift */,
				AF63106C1BE9042E008A54BF /* UserInterfaceHelpers.swift */,
			);
			name = Utility;
			sourceTree = "<group>";
		};
		AF0AA5141BBFB17C00C97C87 /* UI */ = {
			isa = PBXGroup;
			children = (
			);
			name = UI;
			sourceTree = "<group>";
		};
		AF1834901BBFA9E100EBDFCD = {
			isa = PBXGroup;
			children = (
				AF0A76E01BF4490B00F3E2E2 /* Alamofire.xcodeproj */,
				AF2B98EF1BF27EC50092B9A7 /* MindwaveEEG */,
				79D93ED81BED343C0059DC26 /* CVCalendar */,
				AF18349B1BBFA9E100EBDFCD /* SleepBusters */,
				AF1834B21BBFA9E100EBDFCD /* SleepBustersTests */,
				AF1834BD1BBFA9E100EBDFCD /* SleepBustersUITests */,
				AF03F9A21BC9215C002ADF4D /* JBChart */,
				AF18349A1BBFA9E100EBDFCD /* Products */,
				AF03F9C41BC9EA04002ADF4D /* Charts.xcodeproj */,
			);
			sourceTree = "<group>";
		};
		AF18349A1BBFA9E100EBDFCD /* Products */ = {
			isa = PBXGroup;
			children = (
				AF1834991BBFA9E100EBDFCD /* SleepBusters.app */,
				AF1834AF1BBFA9E100EBDFCD /* SleepBustersTests.xctest */,
				AF1834BA1BBFA9E100EBDFCD /* SleepBustersUITests.xctest */,
				AF03F9A11BC9215C002ADF4D /* JBChart.framework */,
			);
			name = Products;
			sourceTree = "<group>";
		};
		AF18349B1BBFA9E100EBDFCD /* SleepBusters */ = {
			isa = PBXGroup;
			children = (
				AFCDE2BB1BDFDB7300394415 /* JSONHelper */,
				AF03F9851BC8DDBA002ADF4D /* Fonts */,
				AF8157781BC13EB200F5476A /* Business */,
				AF0AA5141BBFB17C00C97C87 /* UI */,
				AF0AA5131BBFB16800C97C87 /* Utility */,
				AF0AA5121BBFB15E00C97C87 /* ViewControllers */,
				AF0AA5111BBFB14800C97C87 /* Images */,
				AF0AA5101BBFB13F00C97C87 /* Icons */,
				AF0AA50F1BBFB13100C97C87 /* Model */,
				AF0AA50E1BBFB12800C97C87 /* Data */,
				AF1834A21BBFA9E100EBDFCD /* Main.storyboard */,
				AF18349C1BBFA9E100EBDFCD /* AppDelegate.swift */,
				AF1834A51BBFA9E100EBDFCD /* Assets.xcassets */,
				AF1834A71BBFA9E100EBDFCD /* LaunchScreen.storyboard */,
				AF1834AA1BBFA9E100EBDFCD /* Info.plist */,
			);
			path = SleepBusters;
			sourceTree = "<group>";
		};
		AF1834B21BBFA9E100EBDFCD /* SleepBustersTests */ = {
			isa = PBXGroup;
			children = (
				AF1834B31BBFA9E100EBDFCD /* SleepBustersTests.swift */,
				AF1834B51BBFA9E100EBDFCD /* Info.plist */,
			);
			path = SleepBustersTests;
			sourceTree = "<group>";
		};
		AF1834BD1BBFA9E100EBDFCD /* SleepBustersUITests */ = {
			isa = PBXGroup;
			children = (
				AF1834BE1BBFA9E100EBDFCD /* SleepBustersUITests.swift */,
				AF1834C01BBFA9E100EBDFCD /* Info.plist */,
			);
			path = SleepBustersUITests;
			sourceTree = "<group>";
		};
		AF2B98EF1BF27EC50092B9A7 /* MindwaveEEG */ = {
			isa = PBXGroup;
			children = (
				AF2B99031BF289820092B9A7 /* Resources */,
				AF2B98FF1BF289520092B9A7 /* Other Sources */,
				AF2B98F81BF282D80092B9A7 /* Library */,
				AF2B98F51BF2816B0092B9A7 /* Framework */,
				AF2B98F21BF27FF10092B9A7 /* MindwaveEEG.h */,
				AF2B98F31BF27FF10092B9A7 /* MindwaveEEG.m */,
				AF2B98F11BF27FF10092B9A7 /* SleepBusters-Bridging-Header.h */,
			);
			name = MindwaveEEG;
			sourceTree = "<group>";
		};
		AF2B98F51BF2816B0092B9A7 /* Framework */ = {
			isa = PBXGroup;
			children = (
			);
			name = Framework;
			sourceTree = "<group>";
		};
		AF2B98F81BF282D80092B9A7 /* Library */ = {
			isa = PBXGroup;
			children = (
				AF2B98FD1BF2865E0092B9A7 /* libTGAccessory.a */,
				AF2B98FA1BF282E90092B9A7 /* TGAccessoryDelegate.h */,
				AF2B98FB1BF282E90092B9A7 /* TGAccessoryManager.h */,
			);
			name = Library;
			sourceTree = "<group>";
		};
		AF2B98FF1BF289520092B9A7 /* Other Sources */ = {
			isa = PBXGroup;
			children = (
				AF2B99001BF2895D0092B9A7 /* ThinkGearTouch_Prefix.pch */,
			);
			name = "Other Sources";
			sourceTree = "<group>";
		};
		AF2B99031BF289820092B9A7 /* Resources */ = {
			isa = PBXGroup;
			children = (
				AF2B99061BF2898F0092B9A7 /* Entitlements.plist */,
				AF2B99041BF289890092B9A7 /* ThinkGearTouch-Info.plist */,
			);
			name = Resources;
			sourceTree = "<group>";
		};
		AF2F9DDB1BCB69860075DBCC /* Hardware */ = {
			isa = PBXGroup;
			children = (
				AF2F9DDC1BCB69AF0075DBCC /* MindwaveEEGSensor.swift */,
				AF2F9DDF1BCB6D390075DBCC /* SleepBustersRespiratorySensor.swift */,
			);
			name = Hardware;
			sourceTree = "<group>";
		};
		AF2F9DDE1BCB6B420075DBCC /* Builder */ = {
			isa = PBXGroup;
			children = (
				AF95FAD91BC7B41200FACD52 /* ModelMapper.swift */,
			);
			name = Builder;
			sourceTree = "<group>";
		};
		AF8157781BC13EB200F5476A /* Business */ = {
			isa = PBXGroup;
			children = (
				AF8157791BC13ECB00F5476A /* Business.swift */,
			);
			name = Business;
			sourceTree = "<group>";
		};
		AFA659D21BED869B005D295D /* Icons */ = {
			isa = PBXGroup;
			children = (
				AFA659DB1BED8983005D295D /* angry.png */,
				AFA659DC1BED8983005D295D /* beer-off.png */,
				AFA659DD1BED8983005D295D /* beer-on.png */,
				AFA659DE1BED8983005D295D /* bored.png */,
				AFA659DF1BED8983005D295D /* gym-off.png */,
				AFA659E01BED8983005D295D /* gym-on.png */,
				AFA659E11BED8983005D295D /* happy.png */,
				AFA659E21BED8983005D295D /* home.png */,
				AFA659E31BED8983005D295D /* nothome.png */,
				AFA659E41BED8983005D295D /* sad.png */,
				AFA659E51BED8983005D295D /* tired.png */,
				AFA659D71BED87C1005D295D /* coffee-off.png */,
				AFA659D81BED87C1005D295D /* coffee-on.png */,
				AFA659D51BED86D2005D295D /* hot51-on.png */,
				AFA659D31BED86A4005D295D /* hot51.png */,
			);
			name = Icons;
			sourceTree = "<group>";
		};
		AFCDE2BB1BDFDB7300394415 /* JSONHelper */ = {
			isa = PBXGroup;
			children = (
				AFCDE2BD1BDFDB7D00394415 /* JSONHelper.h */,
				AFCDE2BE1BDFDB7D00394415 /* JSONHelper.swift */,
				AFCDE2BF1BDFDB7D00394415 /* Supporting Files */,
			);
			name = JSONHelper;
			sourceTree = "<group>";
		};
/* End PBXGroup section */

/* Begin PBXHeadersBuildPhase section */
		AF03F99E1BC9215C002ADF4D /* Headers */ = {
			isa = PBXHeadersBuildPhase;
			buildActionMask = 2147483647;
			files = (
				AF03F9B91BC9217D002ADF4D /* JBLineChartView.h in Headers */,
				AF03F9B51BC9217D002ADF4D /* JBBarChartView.h in Headers */,
				AF03F9B71BC9217D002ADF4D /* JBChartView.h in Headers */,
				AF03F9A41BC9215C002ADF4D /* JBChart.h in Headers */,
			);
			runOnlyForDeploymentPostprocessing = 0;
		};
/* End PBXHeadersBuildPhase section */

/* Begin PBXNativeTarget section */
		AF03F9A01BC9215C002ADF4D /* JBChart */ = {
			isa = PBXNativeTarget;
			buildConfigurationList = AF03F9AB1BC9215C002ADF4D /* Build configuration list for PBXNativeTarget "JBChart" */;
			buildPhases = (
				AF03F99C1BC9215C002ADF4D /* Sources */,
				AF03F99D1BC9215C002ADF4D /* Frameworks */,
				AF03F99E1BC9215C002ADF4D /* Headers */,
				AF03F99F1BC9215C002ADF4D /* Resources */,
			);
			buildRules = (
			);
			dependencies = (
			);
			name = JBChart;
			productName = JBChart;
			productReference = AF03F9A11BC9215C002ADF4D /* JBChart.framework */;
			productType = "com.apple.product-type.framework";
		};
		AF1834981BBFA9E100EBDFCD /* SleepBusters */ = {
			isa = PBXNativeTarget;
			buildConfigurationList = AF1834C31BBFA9E100EBDFCD /* Build configuration list for PBXNativeTarget "SleepBusters" */;
			buildPhases = (
				AF1834951BBFA9E100EBDFCD /* Sources */,
				AF1834961BBFA9E100EBDFCD /* Frameworks */,
				AF1834971BBFA9E100EBDFCD /* Resources */,
				AF03F9A91BC9215C002ADF4D /* Embed Frameworks */,
			);
			buildRules = (
			);
			dependencies = (
				AF03F9A71BC9215C002ADF4D /* PBXTargetDependency */,
				AF03F9D01BC9EAEF002ADF4D /* PBXTargetDependency */,
			);
			name = SleepBusters;
			productName = SleepBusters;
			productReference = AF1834991BBFA9E100EBDFCD /* SleepBusters.app */;
			productType = "com.apple.product-type.application";
		};
		AF1834AE1BBFA9E100EBDFCD /* SleepBustersTests */ = {
			isa = PBXNativeTarget;
			buildConfigurationList = AF1834C61BBFA9E100EBDFCD /* Build configuration list for PBXNativeTarget "SleepBustersTests" */;
			buildPhases = (
				AF1834AB1BBFA9E100EBDFCD /* Sources */,
				AF1834AC1BBFA9E100EBDFCD /* Frameworks */,
				AF1834AD1BBFA9E100EBDFCD /* Resources */,
			);
			buildRules = (
			);
			dependencies = (
				AF1834B11BBFA9E100EBDFCD /* PBXTargetDependency */,
			);
			name = SleepBustersTests;
			productName = SleepBustersTests;
			productReference = AF1834AF1BBFA9E100EBDFCD /* SleepBustersTests.xctest */;
			productType = "com.apple.product-type.bundle.unit-test";
		};
		AF1834B91BBFA9E100EBDFCD /* SleepBustersUITests */ = {
			isa = PBXNativeTarget;
			buildConfigurationList = AF1834C91BBFA9E100EBDFCD /* Build configuration list for PBXNativeTarget "SleepBustersUITests" */;
			buildPhases = (
				AF1834B61BBFA9E100EBDFCD /* Sources */,
				AF1834B71BBFA9E100EBDFCD /* Frameworks */,
				AF1834B81BBFA9E100EBDFCD /* Resources */,
			);
			buildRules = (
			);
			dependencies = (
				AF1834BC1BBFA9E100EBDFCD /* PBXTargetDependency */,
			);
			name = SleepBustersUITests;
			productName = SleepBustersUITests;
			productReference = AF1834BA1BBFA9E100EBDFCD /* SleepBustersUITests.xctest */;
			productType = "com.apple.product-type.bundle.ui-testing";
		};
/* End PBXNativeTarget section */

/* Begin PBXProject section */
		AF1834911BBFA9E100EBDFCD /* Project object */ = {
			isa = PBXProject;
			attributes = {
				LastSwiftUpdateCheck = 0710;
				LastUpgradeCheck = 0700;
				ORGANIZATIONNAME = PillowSoft;
				TargetAttributes = {
					AF03F9A01BC9215C002ADF4D = {
						CreatedOnToolsVersion = 7.0.1;
					};
					AF1834981BBFA9E100EBDFCD = {
						CreatedOnToolsVersion = 7.0;
					};
					AF1834AE1BBFA9E100EBDFCD = {
						CreatedOnToolsVersion = 7.0;
						TestTargetID = AF1834981BBFA9E100EBDFCD;
					};
					AF1834B91BBFA9E100EBDFCD = {
						CreatedOnToolsVersion = 7.0;
						TestTargetID = AF1834981BBFA9E100EBDFCD;
					};
				};
			};
			buildConfigurationList = AF1834941BBFA9E100EBDFCD /* Build configuration list for PBXProject "SleepBusters" */;
			compatibilityVersion = "Xcode 3.2";
			developmentRegion = English;
			hasScannedForEncodings = 0;
			knownRegions = (
				en,
				Base,
			);
			mainGroup = AF1834901BBFA9E100EBDFCD;
			productRefGroup = AF18349A1BBFA9E100EBDFCD /* Products */;
			projectDirPath = "";
			projectReferences = (
				{
					ProductGroup = AF0A76E11BF4490B00F3E2E2 /* Products */;
					ProjectRef = AF0A76E01BF4490B00F3E2E2 /* Alamofire.xcodeproj */;
				},
				{
					ProductGroup = AF03F9C51BC9EA04002ADF4D /* Products */;
					ProjectRef = AF03F9C41BC9EA04002ADF4D /* Charts.xcodeproj */;
				},
			);
			projectRoot = "";
			targets = (
				AF1834981BBFA9E100EBDFCD /* SleepBusters */,
				AF1834AE1BBFA9E100EBDFCD /* SleepBustersTests */,
				AF1834B91BBFA9E100EBDFCD /* SleepBustersUITests */,
				AF03F9A01BC9215C002ADF4D /* JBChart */,
			);
		};
/* End PBXProject section */

/* Begin PBXReferenceProxy section */
		AF03F9CA1BC9EA04002ADF4D /* Charts.framework */ = {
			isa = PBXReferenceProxy;
			fileType = wrapper.framework;
			path = Charts.framework;
			remoteRef = AF03F9C91BC9EA04002ADF4D /* PBXContainerItemProxy */;
			sourceTree = BUILT_PRODUCTS_DIR;
		};
		AF03F9CC1BC9EA04002ADF4D /* ChartsTV.framework */ = {
			isa = PBXReferenceProxy;
			fileType = wrapper.framework;
			path = ChartsTV.framework;
			remoteRef = AF03F9CB1BC9EA04002ADF4D /* PBXContainerItemProxy */;
			sourceTree = BUILT_PRODUCTS_DIR;
		};
		AF0A76EB1BF4490B00F3E2E2 /* Alamofire.framework */ = {
			isa = PBXReferenceProxy;
			fileType = wrapper.framework;
			path = Alamofire.framework;
			remoteRef = AF0A76EA1BF4490B00F3E2E2 /* PBXContainerItemProxy */;
			sourceTree = BUILT_PRODUCTS_DIR;
		};
		AF0A76ED1BF4490B00F3E2E2 /* Alamofire iOS Tests.xctest */ = {
			isa = PBXReferenceProxy;
			fileType = wrapper.cfbundle;
			path = "Alamofire iOS Tests.xctest";
			remoteRef = AF0A76EC1BF4490B00F3E2E2 /* PBXContainerItemProxy */;
			sourceTree = BUILT_PRODUCTS_DIR;
		};
		AF0A76EF1BF4490B00F3E2E2 /* Alamofire.framework */ = {
			isa = PBXReferenceProxy;
			fileType = wrapper.framework;
			path = Alamofire.framework;
			remoteRef = AF0A76EE1BF4490B00F3E2E2 /* PBXContainerItemProxy */;
			sourceTree = BUILT_PRODUCTS_DIR;
		};
		AF0A76F11BF4490B00F3E2E2 /* Alamofire OSX Tests.xctest */ = {
			isa = PBXReferenceProxy;
			fileType = wrapper.cfbundle;
			path = "Alamofire OSX Tests.xctest";
			remoteRef = AF0A76F01BF4490B00F3E2E2 /* PBXContainerItemProxy */;
			sourceTree = BUILT_PRODUCTS_DIR;
		};
		AF0A76F31BF4490B00F3E2E2 /* Alamofire.framework */ = {
			isa = PBXReferenceProxy;
			fileType = wrapper.framework;
			path = Alamofire.framework;
			remoteRef = AF0A76F21BF4490B00F3E2E2 /* PBXContainerItemProxy */;
			sourceTree = BUILT_PRODUCTS_DIR;
		};
		AF0A76F51BF4490B00F3E2E2 /* Alamofire tvOS Tests.xctest */ = {
			isa = PBXReferenceProxy;
			fileType = wrapper.cfbundle;
			path = "Alamofire tvOS Tests.xctest";
			remoteRef = AF0A76F41BF4490B00F3E2E2 /* PBXContainerItemProxy */;
			sourceTree = BUILT_PRODUCTS_DIR;
		};
		AF0A76F71BF4490B00F3E2E2 /* Alamofire.framework */ = {
			isa = PBXReferenceProxy;
			fileType = wrapper.framework;
			path = Alamofire.framework;
			remoteRef = AF0A76F61BF4490B00F3E2E2 /* PBXContainerItemProxy */;
			sourceTree = BUILT_PRODUCTS_DIR;
		};
/* End PBXReferenceProxy section */

/* Begin PBXResourcesBuildPhase section */
		AF03F99F1BC9215C002ADF4D /* Resources */ = {
			isa = PBXResourcesBuildPhase;
			buildActionMask = 2147483647;
			files = (
			);
			runOnlyForDeploymentPostprocessing = 0;
		};
		AF1834971BBFA9E100EBDFCD /* Resources */ = {
			isa = PBXResourcesBuildPhase;
			buildActionMask = 2147483647;
			files = (
				AFCDE2C11BDFDB7D00394415 /* Supporting Files in Resources */,
				AFA659D41BED86A4005D295D /* hot51.png in Resources */,
				AF03F9981BC8DE27002ADF4D /* OpenSans-Semibold.ttf in Resources */,
				AF1552421BEC3A9300399DB8 /* backgroundNew.png in Resources */,
				AF03F9991BC8DE27002ADF4D /* OpenSans-SemiboldItalic.ttf in Resources */,
				AFA659E61BED8983005D295D /* angry.png in Resources */,
				AFA659F01BED8983005D295D /* tired.png in Resources */,
				AF1552451BEC3A9300399DB8 /* Completed-image@2x.png in Resources */,
				AF1834A91BBFA9E100EBDFCD /* LaunchScreen.storyboard in Resources */,
				AFA659EE1BED8983005D295D /* nothome.png in Resources */,
				AF03F9971BC8DE27002ADF4D /* OpenSans-Regular.ttf in Resources */,
				AF15523B1BEC3A9300399DB8 /* _Calendar---icon-@2x.png in Resources */,
				AF15523E1BEC3A9300399DB8 /* awake-image@2x.png in Resources */,
				154F8B411BED9C4200E7A11A /* bed.png in Resources */,
				AF15524B1BEC3A9300399DB8 /* home--icon@2x.png in Resources */,
				AFA659DA1BED87C1005D295D /* coffee-on.png in Resources */,
				AFA659E91BED8983005D295D /* bored.png in Resources */,
				AFA659EC1BED8983005D295D /* happy.png in Resources */,
				AF1552431BEC3A9300399DB8 /* cloud--icon.png in Resources */,
				AFA659EB1BED8983005D295D /* gym-on.png in Resources */,
				AF1552471BEC3A9300399DB8 /* Divider-copy@2x.png in Resources */,
				AF1552491BEC3A9300399DB8 /* gym--icon@2x.png in Resources */,
				AF15524F1BEC3A9300399DB8 /* play--icon@2x.png in Resources */,
				AF15524D1BEC3A9300399DB8 /* Logo--image@2x.png in Resources */,
				AF15524E1BEC3A9300399DB8 /* newnewnew.png in Resources */,
				AF1552441BEC3A9300399DB8 /* coffee---icon@2x.png in Resources */,
				AF03F9941BC8DE27002ADF4D /* OpenSans-Italic.ttf in Resources */,
				AF03F9931BC8DE27002ADF4D /* OpenSans-ExtraBoldItalic.ttf in Resources */,
				AF1552501BEC3A9300399DB8 /* profile---icon@2x.png in Resources */,
				AFA659EF1BED8983005D295D /* sad.png in Resources */,
				AF1834A61BBFA9E100EBDFCD /* Assets.xcassets in Resources */,
				AF15523F1BEC3A9300399DB8 /* Background---image.png in Resources */,
				AFA659D61BED86D2005D295D /* hot51-on.png in Resources */,
				AFA659ED1BED8983005D295D /* home.png in Resources */,
				AF03F9961BC8DE27002ADF4D /* OpenSans-LightItalic.ttf in Resources */,
				AF03F9901BC8DE27002ADF4D /* OpenSans-Bold.ttf in Resources */,
				AF1834A41BBFA9E100EBDFCD /* Main.storyboard in Resources */,
				AFA659D91BED87C1005D295D /* coffee-off.png in Resources */,
				AF03F9951BC8DE27002ADF4D /* OpenSans-Light.ttf in Resources */,
				AF15524C1BEC3A9300399DB8 /* light-image@2x.png in Resources */,
				AF1552481BEC3A9300399DB8 /* drink--icon.png in Resources */,
				AF15523D1BEC3A9300399DB8 /* 1-image.png in Resources */,
				AF03F9911BC8DE27002ADF4D /* OpenSans-BoldItalic.ttf in Resources */,
				AF1552411BEC3A9300399DB8 /* BackgroundButton.png in Resources */,
				AFA659E81BED8983005D295D /* beer-on.png in Resources */,
				AF1552401BEC3A9300399DB8 /* background--image@2x.png in Resources */,
				154F8B421BED9C4200E7A11A /* lung.png in Resources */,
				AF1552461BEC3A9300399DB8 /* Current-Progress.png in Resources */,
				AF2B99071BF2898F0092B9A7 /* Entitlements.plist in Resources */,
				AFA659E71BED8983005D295D /* beer-off.png in Resources */,
				AF2B99051BF289890092B9A7 /* ThinkGearTouch-Info.plist in Resources */,
				AF15524A1BEC3A9300399DB8 /* happy---icon@2x.png in Resources */,
				AF03F9921BC8DE27002ADF4D /* OpenSans-ExtraBold.ttf in Resources */,
				AFA659EA1BED8983005D295D /* gym-off.png in Resources */,
			);
			runOnlyForDeploymentPostprocessing = 0;
		};
		AF1834AD1BBFA9E100EBDFCD /* Resources */ = {
			isa = PBXResourcesBuildPhase;
			buildActionMask = 2147483647;
			files = (
			);
			runOnlyForDeploymentPostprocessing = 0;
		};
		AF1834B81BBFA9E100EBDFCD /* Resources */ = {
			isa = PBXResourcesBuildPhase;
			buildActionMask = 2147483647;
			files = (
			);
			runOnlyForDeploymentPostprocessing = 0;
		};
/* End PBXResourcesBuildPhase section */

/* Begin PBXSourcesBuildPhase section */
		AF03F99C1BC9215C002ADF4D /* Sources */ = {
			isa = PBXSourcesBuildPhase;
			buildActionMask = 2147483647;
			files = (
				AF03F9B61BC9217D002ADF4D /* JBBarChartView.m in Sources */,
				AF03F9BA1BC9217D002ADF4D /* JBLineChartView.m in Sources */,
				AF03F9B81BC9217D002ADF4D /* JBChartView.m in Sources */,
			);
			runOnlyForDeploymentPostprocessing = 0;
		};
		AF1834951BBFA9E100EBDFCD /* Sources */ = {
			isa = PBXSourcesBuildPhase;
			buildActionMask = 2147483647;
			files = (
				79D93F011BED34640059DC26 /* CVCalendarViewAnimatorDelegate.swift in Sources */,
				AF6310711BE91861008A54BF /* CalendarViewController.swift in Sources */,
				79D93F0E1BED34640059DC26 /* CVShape.swift in Sources */,
				79D93EF91BED34640059DC26 /* CVCalendarManager.swift in Sources */,
				AF2B98F41BF27FF10092B9A7 /* MindwaveEEG.m in Sources */,
				79D93F021BED34640059DC26 /* CVCalendarViewAppearance.swift in Sources */,
				AF63106D1BE9042E008A54BF /* UserInterfaceHelpers.swift in Sources */,
				AF81576F1BC0D35200F5476A /* LoginViewController.swift in Sources */,
				79D93F0A1BED34640059DC26 /* CVRange.swift in Sources */,
				AF81576D1BC06CAF00F5476A /* MyProfileViewController.swift in Sources */,
				79D93F0C1BED34640059DC26 /* CVSelectionType.swift in Sources */,
				AF2F9DE21BCE29F70075DBCC /* TrackingLiveViewController.swift in Sources */,
				AF2F9DDD1BCB69AF0075DBCC /* MindwaveEEGSensor.swift in Sources */,
				AF2F9DE01BCB6D390075DBCC /* SleepBustersRespiratorySensor.swift in Sources */,
				79D93F051BED34640059DC26 /* CVCalendarViewPresentationMode.swift in Sources */,
				AF89BB441BC4B3D4005E1619 /* AppStartViewController.swift in Sources */,
				79D93EF81BED34640059DC26 /* CVCalendarDayViewControlCoordinator.swift in Sources */,
				AF18349D1BBFA9E100EBDFCD /* AppDelegate.swift in Sources */,
				AF8157771BC13C7500F5476A /* UserSensorStat.swift in Sources */,
				79D93EF61BED34640059DC26 /* CVCalendarContentViewController.swift in Sources */,
				AF95FADA1BC7B41200FACD52 /* ModelMapper.swift in Sources */,
				AF325F641BC1C6EA00FA4523 /* HttpAction.swift in Sources */,
				AF325F711BC1E79000FA4523 /* EEGConnector.swift in Sources */,
				79D93F0F1BED34640059DC26 /* CVWeekdaySymbolType.swift in Sources */,
				AF0AA5181BBFB25E00C97C87 /* UserProfile.swift in Sources */,
				79D93EFE1BED34640059DC26 /* CVCalendarTouchController.swift in Sources */,
				79D93F091BED34640059DC26 /* CVDate.swift in Sources */,
				79D93EFC1BED34640059DC26 /* CVCalendarMonthContentViewController.swift in Sources */,
				79D93F041BED34640059DC26 /* CVCalendarViewDelegate.swift in Sources */,
				AF30B0831BC6FF250094B4A8 /* StatusResult.swift in Sources */,
				79D93EFB1BED34640059DC26 /* CVCalendarMenuViewDelegate.swift in Sources */,
				AF8157691BC06C4900F5476A /* StatsViewController.swift in Sources */,
				79D93F061BED34640059DC26 /* CVCalendarWeekContentViewController.swift in Sources */,
				79D93EFA1BED34640059DC26 /* CVCalendarMenuView.swift in Sources */,
				79D93F001BED34640059DC26 /* CVCalendarViewAnimator.swift in Sources */,
				79D93F0D1BED34640059DC26 /* CVSet.swift in Sources */,
				AF325F791BC206E200FA4523 /* Serializable.swift in Sources */,
				79D93F081BED34640059DC26 /* CVCalendarWeekView.swift in Sources */,
				AF81577A1BC13ECB00F5476A /* Business.swift in Sources */,
				AF29EBEE1BC3AA4A00F32D07 /* UserSleepSession.swift in Sources */,
				AFCDE2C01BDFDB7D00394415 /* JSONHelper.swift in Sources */,
				79D93F071BED34640059DC26 /* CVCalendarWeekday.swift in Sources */,
				AF63106F1BE9113E008A54BF /* StartTrackingViewController.swift in Sources */,
				AF0AA5161BBFB23000C97C87 /* DataAccess.swift in Sources */,
				79D93EFD1BED34640059DC26 /* CVCalendarMonthView.swift in Sources */,
				AF89BB461BC4D9FD005E1619 /* TabBarController.swift in Sources */,
				79D93EF71BED34640059DC26 /* CVCalendarDayView.swift in Sources */,
				AF03F99B1BC8FD94002ADF4D /* EEGBandWaveType.swift in Sources */,
				79D93F031BED34640059DC26 /* CVCalendarViewAppearanceDelegate.swift in Sources */,
				AF325F661BC1C99300FA4523 /* Extensions.swift in Sources */,
				79D93F0B1BED34640059DC26 /* CVScrollDirection.swift in Sources */,
				79D93EF51BED34640059DC26 /* CVAuxiliaryView.swift in Sources */,
				79D93EFF1BED34640059DC26 /* CVCalendarView.swift in Sources */,
			);
			runOnlyForDeploymentPostprocessing = 0;
		};
		AF1834AB1BBFA9E100EBDFCD /* Sources */ = {
			isa = PBXSourcesBuildPhase;
			buildActionMask = 2147483647;
			files = (
				AFD2D2EA1BEEAFA000490B48 /* UserProfile.swift in Sources */,
				AF1834B41BBFA9E100EBDFCD /* SleepBustersTests.swift in Sources */,
				AFD2D2E81BEEAC0C00490B48 /* Business.swift in Sources */,
				AFD2D2E91BEEAF8C00490B48 /* UserSleepSession.swift in Sources */,
			);
			runOnlyForDeploymentPostprocessing = 0;
		};
		AF1834B61BBFA9E100EBDFCD /* Sources */ = {
			isa = PBXSourcesBuildPhase;
			buildActionMask = 2147483647;
			files = (
				AF1834BF1BBFA9E100EBDFCD /* SleepBustersUITests.swift in Sources */,
			);
			runOnlyForDeploymentPostprocessing = 0;
		};
/* End PBXSourcesBuildPhase section */

/* Begin PBXTargetDependency section */
		AF03F9A71BC9215C002ADF4D /* PBXTargetDependency */ = {
			isa = PBXTargetDependency;
			target = AF03F9A01BC9215C002ADF4D /* JBChart */;
			targetProxy = AF03F9A61BC9215C002ADF4D /* PBXContainerItemProxy */;
		};
		AF03F9D01BC9EAEF002ADF4D /* PBXTargetDependency */ = {
			isa = PBXTargetDependency;
			name = Charts;
			targetProxy = AF03F9CF1BC9EAEF002ADF4D /* PBXContainerItemProxy */;
		};
		AF1834B11BBFA9E100EBDFCD /* PBXTargetDependency */ = {
			isa = PBXTargetDependency;
			target = AF1834981BBFA9E100EBDFCD /* SleepBusters */;
			targetProxy = AF1834B01BBFA9E100EBDFCD /* PBXContainerItemProxy */;
		};
		AF1834BC1BBFA9E100EBDFCD /* PBXTargetDependency */ = {
			isa = PBXTargetDependency;
			target = AF1834981BBFA9E100EBDFCD /* SleepBusters */;
			targetProxy = AF1834BB1BBFA9E100EBDFCD /* PBXContainerItemProxy */;
		};
/* End PBXTargetDependency section */

/* Begin PBXVariantGroup section */
		AF1834A21BBFA9E100EBDFCD /* Main.storyboard */ = {
			isa = PBXVariantGroup;
			children = (
				AF1834A31BBFA9E100EBDFCD /* Base */,
			);
			name = Main.storyboard;
			sourceTree = "<group>";
		};
		AF1834A71BBFA9E100EBDFCD /* LaunchScreen.storyboard */ = {
			isa = PBXVariantGroup;
			children = (
				AF1834A81BBFA9E100EBDFCD /* Base */,
			);
			name = LaunchScreen.storyboard;
			sourceTree = "<group>";
		};
/* End PBXVariantGroup section */

/* Begin XCBuildConfiguration section */
		AF03F9AC1BC9215C002ADF4D /* Debug */ = {
			isa = XCBuildConfiguration;
			buildSettings = {
				CURRENT_PROJECT_VERSION = 1;
				DEFINES_MODULE = YES;
				DYLIB_COMPATIBILITY_VERSION = 1;
				DYLIB_CURRENT_VERSION = 1;
				DYLIB_INSTALL_NAME_BASE = "@rpath";
				INFOPLIST_FILE = JBChart/Info.plist;
				INSTALL_PATH = "$(LOCAL_LIBRARY_DIR)/Frameworks";
				LD_RUNPATH_SEARCH_PATHS = "$(inherited) @executable_path/Frameworks @loader_path/Frameworks";
				PRODUCT_BUNDLE_IDENTIFIER = com.jawbone.JBChart;
				PRODUCT_NAME = "$(TARGET_NAME)";
				SKIP_INSTALL = YES;
				VERSIONING_SYSTEM = "apple-generic";
				VERSION_INFO_PREFIX = "";
			};
			name = Debug;
		};
		AF03F9AD1BC9215C002ADF4D /* Release */ = {
			isa = XCBuildConfiguration;
			buildSettings = {
				CURRENT_PROJECT_VERSION = 1;
				DEFINES_MODULE = YES;
				DYLIB_COMPATIBILITY_VERSION = 1;
				DYLIB_CURRENT_VERSION = 1;
				DYLIB_INSTALL_NAME_BASE = "@rpath";
				INFOPLIST_FILE = JBChart/Info.plist;
				INSTALL_PATH = "$(LOCAL_LIBRARY_DIR)/Frameworks";
				LD_RUNPATH_SEARCH_PATHS = "$(inherited) @executable_path/Frameworks @loader_path/Frameworks";
				PRODUCT_BUNDLE_IDENTIFIER = com.jawbone.JBChart;
				PRODUCT_NAME = "$(TARGET_NAME)";
				SKIP_INSTALL = YES;
				VERSIONING_SYSTEM = "apple-generic";
				VERSION_INFO_PREFIX = "";
			};
			name = Release;
		};
		AF1834C11BBFA9E100EBDFCD /* Debug */ = {
			isa = XCBuildConfiguration;
			buildSettings = {
				ALWAYS_SEARCH_USER_PATHS = NO;
				CLANG_CXX_LANGUAGE_STANDARD = "gnu++0x";
				CLANG_CXX_LIBRARY = "libc++";
				CLANG_ENABLE_MODULES = YES;
				CLANG_ENABLE_OBJC_ARC = YES;
				CLANG_WARN_BOOL_CONVERSION = YES;
				CLANG_WARN_CONSTANT_CONVERSION = YES;
				CLANG_WARN_DIRECT_OBJC_ISA_USAGE = YES_ERROR;
				CLANG_WARN_EMPTY_BODY = YES;
				CLANG_WARN_ENUM_CONVERSION = YES;
				CLANG_WARN_INT_CONVERSION = YES;
				CLANG_WARN_OBJC_ROOT_CLASS = YES_ERROR;
				CLANG_WARN_UNREACHABLE_CODE = YES;
				CLANG_WARN__DUPLICATE_METHOD_MATCH = YES;
				"CODE_SIGN_IDENTITY[sdk=iphoneos*]" = "iPhone Developer";
				COPY_PHASE_STRIP = NO;
				DEBUG_INFORMATION_FORMAT = dwarf;
				ENABLE_STRICT_OBJC_MSGSEND = YES;
				ENABLE_TESTABILITY = YES;
				GCC_C_LANGUAGE_STANDARD = gnu99;
				GCC_DYNAMIC_NO_PIC = NO;
				GCC_NO_COMMON_BLOCKS = YES;
				GCC_OPTIMIZATION_LEVEL = 0;
				GCC_PREPROCESSOR_DEFINITIONS = (
					"DEBUG=1",
					"$(inherited)",
				);
				GCC_WARN_64_TO_32_BIT_CONVERSION = YES;
				GCC_WARN_ABOUT_RETURN_TYPE = YES_ERROR;
				GCC_WARN_UNDECLARED_SELECTOR = YES;
				GCC_WARN_UNINITIALIZED_AUTOS = YES_AGGRESSIVE;
				GCC_WARN_UNUSED_FUNCTION = YES;
				GCC_WARN_UNUSED_VARIABLE = YES;
				IPHONEOS_DEPLOYMENT_TARGET = 9.0;
				MTL_ENABLE_DEBUG_INFO = YES;
				ONLY_ACTIVE_ARCH = YES;
				SDKROOT = iphoneos;
				SWIFT_OPTIMIZATION_LEVEL = "-Onone";
				TARGETED_DEVICE_FAMILY = "1,2";
			};
			name = Debug;
		};
		AF1834C21BBFA9E100EBDFCD /* Release */ = {
			isa = XCBuildConfiguration;
			buildSettings = {
				ALWAYS_SEARCH_USER_PATHS = NO;
				CLANG_CXX_LANGUAGE_STANDARD = "gnu++0x";
				CLANG_CXX_LIBRARY = "libc++";
				CLANG_ENABLE_MODULES = YES;
				CLANG_ENABLE_OBJC_ARC = YES;
				CLANG_WARN_BOOL_CONVERSION = YES;
				CLANG_WARN_CONSTANT_CONVERSION = YES;
				CLANG_WARN_DIRECT_OBJC_ISA_USAGE = YES_ERROR;
				CLANG_WARN_EMPTY_BODY = YES;
				CLANG_WARN_ENUM_CONVERSION = YES;
				CLANG_WARN_INT_CONVERSION = YES;
				CLANG_WARN_OBJC_ROOT_CLASS = YES_ERROR;
				CLANG_WARN_UNREACHABLE_CODE = YES;
				CLANG_WARN__DUPLICATE_METHOD_MATCH = YES;
				"CODE_SIGN_IDENTITY[sdk=iphoneos*]" = "iPhone Developer";
				COPY_PHASE_STRIP = NO;
				DEBUG_INFORMATION_FORMAT = "dwarf-with-dsym";
				ENABLE_NS_ASSERTIONS = NO;
				ENABLE_STRICT_OBJC_MSGSEND = YES;
				GCC_C_LANGUAGE_STANDARD = gnu99;
				GCC_NO_COMMON_BLOCKS = YES;
				GCC_WARN_64_TO_32_BIT_CONVERSION = YES;
				GCC_WARN_ABOUT_RETURN_TYPE = YES_ERROR;
				GCC_WARN_UNDECLARED_SELECTOR = YES;
				GCC_WARN_UNINITIALIZED_AUTOS = YES_AGGRESSIVE;
				GCC_WARN_UNUSED_FUNCTION = YES;
				GCC_WARN_UNUSED_VARIABLE = YES;
				IPHONEOS_DEPLOYMENT_TARGET = 9.0;
				MTL_ENABLE_DEBUG_INFO = NO;
				SDKROOT = iphoneos;
				TARGETED_DEVICE_FAMILY = "1,2";
				VALIDATE_PRODUCT = YES;
			};
			name = Release;
		};
		AF1834C41BBFA9E100EBDFCD /* Debug */ = {
			isa = XCBuildConfiguration;
			buildSettings = {
				ASSETCATALOG_COMPILER_APPICON_NAME = AppIcon;
				CLANG_ENABLE_MODULES = YES;
				CODE_SIGN_IDENTITY = "iPhone Developer";
				"CODE_SIGN_IDENTITY[sdk=iphoneos*]" = "iPhone Developer";
				EMBEDDED_CONTENT_CONTAINS_SWIFT = YES;
				ENABLE_BITCODE = NO;
				FRAMEWORK_SEARCH_PATHS = (
					"$(inherited)",
					"$(PROJECT_DIR)",
				);
				INFOPLIST_FILE = SleepBusters/Info.plist;
				LD_RUNPATH_SEARCH_PATHS = "$(inherited) @executable_path/Frameworks";
				LIBRARY_SEARCH_PATHS = (
					"$(inherited)",
					"$(PROJECT_DIR)",
				);
				PRODUCT_BUNDLE_IDENTIFIER = PillowSoft.SleepBusters;
				PRODUCT_NAME = "$(TARGET_NAME)";
				PROVISIONING_PROFILE = "";
				SWIFT_OBJC_BRIDGING_HEADER = "SleepBusters-Bridging-Header.h";
				SWIFT_OPTIMIZATION_LEVEL = "-Onone";
			};
			name = Debug;
		};
		AF1834C51BBFA9E100EBDFCD /* Release */ = {
			isa = XCBuildConfiguration;
			buildSettings = {
				ASSETCATALOG_COMPILER_APPICON_NAME = AppIcon;
				CLANG_ENABLE_MODULES = YES;
				CODE_SIGN_IDENTITY = "iPhone Developer";
				"CODE_SIGN_IDENTITY[sdk=iphoneos*]" = "iPhone Developer";
				EMBEDDED_CONTENT_CONTAINS_SWIFT = YES;
				ENABLE_BITCODE = NO;
				FRAMEWORK_SEARCH_PATHS = (
					"$(inherited)",
					"$(PROJECT_DIR)",
				);
				INFOPLIST_FILE = SleepBusters/Info.plist;
				LD_RUNPATH_SEARCH_PATHS = "$(inherited) @executable_path/Frameworks";
				LIBRARY_SEARCH_PATHS = (
					"$(inherited)",
					"$(PROJECT_DIR)",
				);
				PRODUCT_BUNDLE_IDENTIFIER = PillowSoft.SleepBusters;
				PRODUCT_NAME = "$(TARGET_NAME)";
				PROVISIONING_PROFILE = "";
				SWIFT_OBJC_BRIDGING_HEADER = "SleepBusters-Bridging-Header.h";
			};
			name = Release;
		};
		AF1834C71BBFA9E100EBDFCD /* Debug */ = {
			isa = XCBuildConfiguration;
			buildSettings = {
				BUNDLE_LOADER = "$(TEST_HOST)";
				INFOPLIST_FILE = SleepBustersTests/Info.plist;
				LD_RUNPATH_SEARCH_PATHS = "$(inherited) @executable_path/Frameworks @loader_path/Frameworks";
				PRODUCT_BUNDLE_IDENTIFIER = PillowSoft.SleepBustersTests;
				PRODUCT_NAME = "$(TARGET_NAME)";
				TEST_HOST = "$(BUILT_PRODUCTS_DIR)/SleepBusters.app/SleepBusters";
			};
			name = Debug;
		};
		AF1834C81BBFA9E100EBDFCD /* Release */ = {
			isa = XCBuildConfiguration;
			buildSettings = {
				BUNDLE_LOADER = "$(TEST_HOST)";
				INFOPLIST_FILE = SleepBustersTests/Info.plist;
				LD_RUNPATH_SEARCH_PATHS = "$(inherited) @executable_path/Frameworks @loader_path/Frameworks";
				PRODUCT_BUNDLE_IDENTIFIER = PillowSoft.SleepBustersTests;
				PRODUCT_NAME = "$(TARGET_NAME)";
				TEST_HOST = "$(BUILT_PRODUCTS_DIR)/SleepBusters.app/SleepBusters";
			};
			name = Release;
		};
		AF1834CA1BBFA9E100EBDFCD /* Debug */ = {
			isa = XCBuildConfiguration;
			buildSettings = {
				INFOPLIST_FILE = SleepBustersUITests/Info.plist;
				LD_RUNPATH_SEARCH_PATHS = "$(inherited) @executable_path/Frameworks @loader_path/Frameworks";
				PRODUCT_BUNDLE_IDENTIFIER = PillowSoft.SleepBustersUITests;
				PRODUCT_NAME = "$(TARGET_NAME)";
				TEST_TARGET_NAME = SleepBusters;
				USES_XCTRUNNER = YES;
			};
			name = Debug;
		};
		AF1834CB1BBFA9E100EBDFCD /* Release */ = {
			isa = XCBuildConfiguration;
			buildSettings = {
				INFOPLIST_FILE = SleepBustersUITests/Info.plist;
				LD_RUNPATH_SEARCH_PATHS = "$(inherited) @executable_path/Frameworks @loader_path/Frameworks";
				PRODUCT_BUNDLE_IDENTIFIER = PillowSoft.SleepBustersUITests;
				PRODUCT_NAME = "$(TARGET_NAME)";
				TEST_TARGET_NAME = SleepBusters;
				USES_XCTRUNNER = YES;
			};
			name = Release;
		};
/* End XCBuildConfiguration section */

/* Begin XCConfigurationList section */
		AF03F9AB1BC9215C002ADF4D /* Build configuration list for PBXNativeTarget "JBChart" */ = {
			isa = XCConfigurationList;
			buildConfigurations = (
				AF03F9AC1BC9215C002ADF4D /* Debug */,
				AF03F9AD1BC9215C002ADF4D /* Release */,
			);
			defaultConfigurationIsVisible = 0;
			defaultConfigurationName = Release;
		};
		AF1834941BBFA9E100EBDFCD /* Build configuration list for PBXProject "SleepBusters" */ = {
			isa = XCConfigurationList;
			buildConfigurations = (
				AF1834C11BBFA9E100EBDFCD /* Debug */,
				AF1834C21BBFA9E100EBDFCD /* Release */,
			);
			defaultConfigurationIsVisible = 0;
			defaultConfigurationName = Release;
		};
		AF1834C31BBFA9E100EBDFCD /* Build configuration list for PBXNativeTarget "SleepBusters" */ = {
			isa = XCConfigurationList;
			buildConfigurations = (
				AF1834C41BBFA9E100EBDFCD /* Debug */,
				AF1834C51BBFA9E100EBDFCD /* Release */,
			);
			defaultConfigurationIsVisible = 0;
			defaultConfigurationName = Release;
		};
		AF1834C61BBFA9E100EBDFCD /* Build configuration list for PBXNativeTarget "SleepBustersTests" */ = {
			isa = XCConfigurationList;
			buildConfigurations = (
				AF1834C71BBFA9E100EBDFCD /* Debug */,
				AF1834C81BBFA9E100EBDFCD /* Release */,
			);
			defaultConfigurationIsVisible = 0;
			defaultConfigurationName = Release;
		};
		AF1834C91BBFA9E100EBDFCD /* Build configuration list for PBXNativeTarget "SleepBustersUITests" */ = {
			isa = XCConfigurationList;
			buildConfigurations = (
				AF1834CA1BBFA9E100EBDFCD /* Debug */,
				AF1834CB1BBFA9E100EBDFCD /* Release */,
			);
			defaultConfigurationIsVisible = 0;
			defaultConfigurationName = Release;
		};
/* End XCConfigurationList section */
	};
	rootObject = AF1834911BBFA9E100EBDFCD /* Project object */;
}
